lockfileVersion: '9.0'

settings:
  autoInstallPeers: true
  excludeLinksFromLockfile: false

importers:

  .:
    dependencies:
      gql.tada:
        specifier: ^1.11.4
        version: 1.11.4(graphql@17.0.2)(typescript@6.0.3)
      graphql:
        specifier: ^17.0.2
        version: 17.0.2
    devDependencies:
      '@paperback/toolchain':
        specifier: 1.0.0-alpha.92
        version: 1.0.0-alpha.92
      '@paperback/types':
        specifier: 1.0.0-alpha.92
        version: 1.0.0-alpha.92
      husky:
        specifier: ^9.1.7
        version: 9.1.7
      oxfmt:
        specifier: ^0.72.0
        version: 0.72.0
      oxlint:
        specifier: ^1.87.0
        version: 1.87.0(oxlint-tsgolint@7.0.2003)
      oxlint-tsgolint:
        specifier: ^7.0.2003
        version: 7.0.2003
      typescript:
        specifier: ^6.0.3
        version: 6.0.3

packages:

  '@0no-co/graphql.web@1.3.4':
    resolution: {integrity: sha512-imSwulOeDQodRy/olQmVEo2PiY6ntjkZ9eiGdw6lMYylh/tay9b7MusyJBmEnkL8GiKRKr6ltr+D42mY5bd8Bg==}
    peerDependencies:
      graphql: ^14.0.0 || ^15.0.0 || ^16.0.0 || ^17.0.0
    peerDependenciesMeta:
      graphql:
        optional: true

  '@0no-co/graphqlsp@1.17.5':
    resolution: {integrity: sha512-wsygfTO3pdkz4idDw8BxdMdgB9AB8nuJDJTUwYy87BiZEZRXS4bEfn4oNl9VtxTo6j2lzX/gED+IvOgxsSy2Jg==}
    peerDependencies:
      graphql: ^15.5.0 || ^16.0.0 || ^17.0.0
      typescript: ^5.0.0 || ^6.0.0

  '@bufbuild/protobuf@2.12.1':
    resolution: {integrity: sha512-BvAMfS6LrgZiryOAZ4pBYucu4wG/Ei/9o9DZ9akbREnMLbPJiom2i8b9C8IsKErQoiKqVhrerzt3kOT/RrzLHg==}

  '@bufbuild/protoplugin@2.12.1':
    resolution: {integrity: sha512-PY58KxQVAD1BnnKtStOctsMoegEVGfBnY5AOqVQOIu711nA13oYtTqJM8df5lUQg2J1DR3XxUXptE+fWX5oLdA==}

  '@emnapi/core@1.11.1':
    resolution: {integrity: sha512-RSvbQmHzdKzNsLYa/wHrbc3KN4sYLKAdPZxqiM2HATqv/SBk2/ENSHpvXGaLOMcsAyz0poEGqkmmKYG3OWiJEQ==}

  '@emnapi/runtime@1.11.1':
    resolution: {integrity: sha512-vgj7R3y3Wgx24IQaGPA/R6YFXLHVMOZ0uVEyIQPaWs+rd1AzfEMXlAC22FYwO1XkKR6NPsq7mUandH8oIRdZFw==}

  '@emnapi/wasi-threads@1.2.2':
    resolution: {integrity: sha512-c95qOXkHdydNKhscBTebqEC1CVAZpyqOfVfBzQ1qgzyl3gfeldUjIggDbIZgDKsHLgnsM+igH7TJ/eAasaVuMA==}

  '@gql.tada/cli-utils@1.9.4':
    resolution: {integrity: sha512-xQ9M+2Xxjxhz9IJi+7IMU/aOsEtuSiSNb4OgDMBUC/8AcSpo2vDtx71Aodsaif4qSwuTb0YFVfDwC+ESqiZSHg==}
    peerDependencies:
      '@0no-co/graphqlsp': ^1.16.0
      '@gql.tada/svelte-support': 1.0.3
      '@gql.tada/vue-support': 1.0.3
      graphql: ^15.5.0 || ^16.0.0 || ^17.0.0
      typescript: ^5.0.0 || ^6.0.0 || ^7.0.0 || ^8.0.0
    peerDependenciesMeta:
      '@gql.tada/svelte-support':
        optional: true
      '@gql.tada/vue-support':
        optional: true

  '@gql.tada/internal@1.2.2':
    resolution: {integrity: sha512-4lZcElPP6MC8Ct8KN70LR2WQsHjbAsyAmTGG09VsOPhx738UFIYaL0S1XiI2pqq2tj/sDs/y3b9jvKoWGL7iuQ==}
    peerDependencies:
      graphql: ^15.5.0 || ^16.0.0 || ^17.0.0
      typescript: ^5.0.0 || ^6.0.0 || ^7.0.0 || ^8.0.0

  '@grpc/grpc-js@1.14.4':
    resolution: {integrity: sha512-k9Dj3DV/itK9D06Y8f190Qgop7/Ui+D0njFV3LHMPwPT75DpXLQohE9Wmz0QElrJnzsjB7KPWiKJbOl7IPDArQ==}
    engines: {node: '>=12.10.0'}

  '@grpc/proto-loader@0.8.1':
    resolution: {integrity: sha512-wtF6h+DY6M3YaDBPAmvuuA6jV8Sif9MjtOI5euKFWRgCDl5PeDpPsHR9u2l6St5ceY8AZgoNDww5+HvEsXFsGg==}
    engines: {node: '>=6'}
    hasBin: true

  '@js-sdsl/ordered-map@4.4.2':
    resolution: {integrity: sha512-iUKgm52T8HOE/makSxjqoWhe95ZJA1/G1sYsGev2JDKUSS14KAgg1LHb+Ba+IPow0xflbnSkOsZcO08C7w1gYw==}

  '@napi-rs/wasm-runtime@1.1.5':
    resolution: {integrity: sha512-AWPoBRJ9tsnVhor4sjO7rkni+7p+2IAEFj6cx06UgP10jkQHqay/36uRV/bFkgrh18D9vb4cr8Q0Pthskgzy+Q==}
    peerDependencies:
      '@emnapi/core': ^1.7.1
      '@emnapi/runtime': ^1.7.1

  '@oxc-project/types@0.137.0':
    resolution: {integrity: sha512-WT+Gb24i8hmvo85AIv2oEYouEXkRlKAlT9WaCa3TfLgNCN+GhrJOGZuIlMouAh38Qe4QOx26eUOVsq70qXrywA==}

  '@oxfmt/binding-android-arm-eabi@0.72.0':
    resolution: {integrity: sha512-u4U1uaDOVBuorGNC/07NLm48nECHOiJJka002YGML16Md2DRvf38RGBt01lH60EOGvNlFVmbLoksQedNBoZHKw==}
    engines: {node: ^20.19.0 || >=22.12.0}
    cpu: [arm]
    os: [android]

  '@oxfmt/binding-android-arm64@0.72.0':
    resolution: {integrity: sha512-GCnM+Ae2mWOKC+92y3FOb6eZJeVnBAVz82e3lITUUg+kxukYKzBNAvJ/hhHIfa2A0md55SYYhdWPddSSy3KPVA==}
    engines: {node: ^20.19.0 || >=22.12.0}
    cpu: [arm64]
    os: [android]

  '@oxfmt/binding-darwin-arm64@0.72.0':
    resolution: {integrity: sha512-LjQ8tlevdtwraFlWC6AnQ1Forzde0clRmnsP3QmK+ydSElDt/J+5Jc+m+//Ly1G97aP7WCNUw110QMIUw2K7xA==}
    engines: {node: ^20.19.0 || >=22.12.0}
    cpu: [arm64]
    os: [darwin]

  '@oxfmt/binding-darwin-x64@0.72.0':
    resolution: {integrity: sha512-+ZbcxhB1C34RQR5IldSyY6Z/yalJIxHXhP36PGE4sEq0f/lgL5jCLmOKoDeVm8dqd9gFGDsd1bNWHSGCAwdSkw==}
    engines: {node: ^20.19.0 || >=22.12.0}
    cpu: [x64]
    os: [darwin]

  '@oxfmt/binding-freebsd-x64@0.72.0':
    resolution: {integrity: sha512-yGPhA8sePEBFV9iGcprhyOk3Bz3fZshswMH3DpYIPZFLT1DG5LjiZ0j6AJQpSueaL6bUK0av1K+5+fe+ldy5EQ==}
    engines: {node: ^20.19.0 || >=22.12.0}
    cpu: [x64]
    os: [freebsd]

  '@oxfmt/binding-linux-arm-gnueabihf@0.72.0':
    resolution: {integrity: sha512-/g5axuqFMcAtoQrFLR5EJEMDjR5Ea4GuzpdDmMpPWAgrF1DmL4kD1NPNVlpXEOxpFJnD6lPvLKYj1lzdlrfifA==}
    engines: {node: ^20.19.0 || >=22.12.0}
    cpu: [arm]
    os: [linux]

  '@oxfmt/binding-linux-arm-musleabihf@0.72.0':
    resolution: {integrity: sha512-InVitdHbS09PM+w+WinIiyX37rC9R3L7lUP9mKy9uKTEDSUFaLjWsLoreRIxKivnv7Ndqc6Trvi+K+b6ZzhiJg==}
    engines: {node: ^20.19.0 || >=22.12.0}
    cpu: [arm]
    os: [linux]

  '@oxfmt/binding-linux-arm64-gnu@0.72.0':
    resolution: {integrity: sha512-WKjlyRAxpPjXoqeuwFBim5LscgvY+RNEiZ971C9JlRQZONhJTsXDki/oHFYQE+fzzRpzXh3owZvOdT3kNL2g+g==}
    engines: {node: ^20.19.0 || >=22.12.0}
    cpu: [arm64]
    os: [linux]

  '@oxfmt/binding-linux-arm64-musl@0.72.0':
    resolution: {integrity: sha512-poafnbsPpJhR+5Mbwpf8CscugTyiRAzjTOxRVn8ra3X2jnURs2xL5Du2xl5g2iW85lICMglpmLf8jDjZEbNgzQ==}
    engines: {node: ^20.19.0 || >=22.12.0}
    cpu: [arm64]
    os: [linux]

  '@oxfmt/binding-linux-ppc64-gnu@0.72.0':
    resolution: {integrity: sha512-zNUi0gKRsO7S3IfPzsTbnm88OedPuX32hmZFWZRWHvWJlAoZRwVbeO6Nb3hng4vDgL7qUKp4TGqzPz1mhsycYg==}
    engines: {node: ^20.19.0 || >=22.12.0}
    cpu: [ppc64]
    os: [linux]

  '@oxfmt/binding-linux-riscv64-gnu@0.72.0':
    resolution: {integrity: sha512-qTY7z/iyF/rWI2HWwWMevXqZW5PZUOofUy2afK7v6rseXnpld3yjgyIk6pCux3DqWQ0lB+f5atvLJNBwzLvFsw==}
    engines: {node: ^20.19.0 || >=22.12.0}
    cpu: [riscv64]
    os: [linux]

  '@oxfmt/binding-linux-riscv64-musl@0.72.0':
    resolution: {integrity: sha512-w18qfo8vEMD6EKEHtzTvjc6jH8yCyXIT1Bn7PFWJd0PpZyzH/VQDx4xvjCh0LGz6GRzqiezbisTdG9AoXtpkZQ==}
    engines: {node: ^20.19.0 || >=22.12.0}
    cpu: [riscv64]
    os: [linux]

  '@oxfmt/binding-linux-s390x-gnu@0.72.0':
    resolution: {integrity: sha512-grW8HwEir+vK7fCcq1ZgL3NHQCfZ1PidiERE9Hbf+24xGys+DoDaoqTht4ccfn0PcBwbViLkwkda/KNpJu2KRQ==}
    engines: {node: ^20.19.0 || >=22.12.0}
    cpu: [s390x]
    os: [linux]

  '@oxfmt/binding-linux-x64-gnu@0.72.0':
    resolution: {integrity: sha512-wQJRQfWBRIn88Pkr449EUViwRayrYUScg7ty+Ihiem21mQ9BUA6S9e/4RAgyNk9lMag0KBouyKskjq61rOC0WQ==}
    engines: {node: ^20.19.0 || >=22.12.0}
    cpu: [x64]
    os: [linux]

  '@oxfmt/binding-linux-x64-musl@0.72.0':
    resolution: {integrity: sha512-T1B0uQzafxuGPjjaPrZJ497nxoi1BiI65JfsYc56nNpmev3msfb/iaTmH2kQuNFqa8PKxpMlf3GhWrWBvBPORQ==}
    engines: {node: ^20.19.0 || >=22.12.0}
    cpu: [x64]
    os: [linux]

  '@oxfmt/binding-openharmony-arm64@0.72.0':
    resolution: {integrity: sha512-OKxxgTurl7+hypVplO8QRAbbQlwEs0j1Y6FZv+ZN2qNbdxQk2muMlzuJNBGTCWwxQ0rkkOD1uK/DW1fvzoUSJA==}
    engines: {node: ^20.19.0 || >=22.12.0}
    cpu: [arm64]
    os: [openharmony]

  '@oxfmt/binding-win32-arm64-msvc@0.72.0':
    resolution: {integrity: sha512-L78TKzURqvjuZOCo88ixMbPXf/RP7u31Y0cmjJ/KEmrHmfYhmhEvsDaTYPiyTRne64jUgCbADfY0YeoQk4/Xyw==}
    engines: {node: ^20.19.0 || >=22.12.0}
    cpu: [arm64]
    os: [win32]

  '@oxfmt/binding-win32-ia32-msvc@0.72.0':
    resolution: {integrity: sha512-gQtFW+Ii8BWgtJTAD17TY/WsdNS5gUfAPov8iI1jeq4r9lRRYImmxPL08UU00/RLaCfBJwh2UgINnDY0iOiZ+A==}
    engines: {node: ^20.19.0 || >=22.12.0}
    cpu: [ia32]
    os: [win32]

  '@oxfmt/binding-win32-x64-msvc@0.72.0':
    resolution: {integrity: sha512-uhooIN+DCzWX5uH7mQkSVCsODqsGluGJ4n3ch4+mITtWKpESMDjUJUSDBAVFuYQDwqY2McPDKdKJbM0oZVW/Qw==}
    engines: {node: ^20.19.0 || >=22.12.0}
    cpu: [x64]
    os: [win32]

  '@oxlint-tsgolint/darwin-arm64@7.0.2003':
    resolution: {integrity: sha512-TgV33rXr6ueXBwvc+0nssUkTBSXHJxv77I8p4RCjDjCnvexHtmoPiudVRDfj3S3puMDdeQdHW6jdUgUPy3nr/w==}
    cpu: [arm64]
    os: [darwin]

  '@oxlint-tsgolint/darwin-x64@7.0.2003':
    resolution: {integrity: sha512-hY3FMAjIaPDdK3FNxyRXRfHPOFeoBn6dmnLyKZgQ2IbTTD1adXhl6PfCIqHhCPvurigv7nf7mYuWZZ19MmJzmg==}
    cpu: [x64]
    os: [darwin]

  '@oxlint-tsgolint/linux-arm64@7.0.2003':
    resolution: {integrity: sha512-eAET4JpyfBbg8SO0K74o4R55tEjVC292pIyxGOw2XGf8x/HrPNyxwQ478jMYOM54FIVOHc8sJ6VRHxluy6lucw==}
    cpu: [arm64]
    os: [linux]

  '@oxlint-tsgolint/linux-x64@7.0.2003':
    resolution: {integrity: sha512-GXdyO/XyqDJ3s/llR/oOktLsYNjZtWSQBy0JMc+/0gsNPvTcseKPhn9c6KcFyWmnr6H4vljYALbujonqSzzEGw==}
    cpu: [x64]
    os: [linux]

  '@oxlint-tsgolint/win32-arm64@7.0.2003':
    resolution: {integrity: sha512-TWauXnPfet0VgpmrstoAK58eJ4gbuwPUuUTQmYQAzE/RG1CpnxXtrKUJULf6lyerPE4KN3gM+DflIA1hOH+38Q==}
    cpu: [arm64]
    os: [win32]

  '@oxlint-tsgolint/win32-x64@7.0.2003':
    resolution: {integrity: sha512-DoRmfe7j8VqNlukp8liRVW45GQDhzRccNenjD/pdzelgtffW47pCMd1xbJLkPaPbKnTwID3onn3VZlL7JbebEA==}
    cpu: [x64]
    os: [win32]

  '@oxlint/binding-android-arm-eabi@1.87.0':
    resolution: {integrity: sha512-22tVIHlB9898OYsBKmYB6He1MCSqdTmK1BVWuSNUTVrpS0KWNege+U9uEYqGJ+KatQag0r/oU44i3OOs46z7HQ==}
    engines: {node: ^20.19.0 || >=22.12.0}
    cpu: [arm]
    os: [android]

  '@oxlint/binding-android-arm64@1.87.0':
    resolution: {integrity: sha512-JfZQ3MWf74n8ov0DojZpkOduIubYJvZL5tbTMMhDutsal6u1xH1QuNpN+lK+EQwF8AeAfgwTR2fgh5U2br27XA==}
    engines: {node: ^20.19.0 || >=22.12.0}
    cpu: [arm64]
    os: [android]

  '@oxlint/binding-darwin-arm64@1.87.0':
    resolution: {integrity: sha512-rkx6Xvvw93z2GImVOyvbZwAZcoY0Z6MJW177XNsSB+i/CBsH7ANyelTp01VZyIkM3iSXtqKVb4+ptBgPHap5pQ==}
    engines: {node: ^20.19.0 || >=22.12.0}
    cpu: [arm64]
    os: [darwin]

  '@oxlint/binding-darwin-x64@1.87.0':
    resolution: {integrity: sha512-cw5nYw7L/pQ2SgGBgOcg/Qo89llQre3vIc/kuBLhSICzu1r5s8L76H3ug6AIFsD98WpROj8/z5JVzkf4daxHaQ==}
    engines: {node: ^20.19.0 || >=22.12.0}
    cpu: [x64]
    os: [darwin]

  '@oxlint/binding-freebsd-x64@1.87.0':
    resolution: {integrity: sha512-x/SuznE6loRZK9gz9AS4ZmzNzSu+5KdeoCS+sVHhnrE8HM6AD8UyTjwldQTTqlXGvkwHASgB0NiTNOc3o3PdAg==}
    engines: {node: ^20.19.0 || >=22.12.0}
    cpu: [x64]
    os: [freebsd]

  '@oxlint/binding-linux-arm-gnueabihf@1.87.0':
    resolution: {integrity: sha512-+JEDmCAXiiFmKhAjZhgAOwaHWY6WENOQ5QA+lFuY59tgsUCDOTRi46B+lENK6CWvtxsXpwkZXNOgpjAQcpIpnA==}
    engines: {node: ^20.19.0 || >=22.12.0}
    cpu: [arm]
    os: [linux]

  '@oxlint/binding-linux-arm-musleabihf@1.87.0':
    resolution: {integrity: sha512-/uC9XqXLAC9AHFLNycwmSQEvKqGrOCgU+uXALI7gNW0DG81TJ/3T2eHnKdRvcb5R1gFEfjxDwI4e4zIa29rICQ==}
    engines: {node: ^20.19.0 || >=22.12.0}
    cpu: [arm]
    os: [linux]

  '@oxlint/binding-linux-arm64-gnu@1.87.0':
    resolution: {integrity: sha512-FTRYPsBy/M728vnUv7l+KAwSAa3Qi4BQbhVvy7NYuMTZ0sUa/OWsbMx79HVFw6u/5KWcaYayDsoOiv7xbevzDg==}
    engines: {node: ^20.19.0 || >=22.12.0}
    cpu: [arm64]
    os: [linux]

  '@oxlint/binding-linux-arm64-musl@1.87.0':
    resolution: {integrity: sha512-6sC+N7IY0h1egd8SrYUGNN7CUyKJZ4bIZakKa7V7hfinf4jfi8Kq4+klJvFp5DqXcwMn44I5MeBwmJluO1odFg==}
    engines: {node: ^20.19.0 || >=22.12.0}
    cpu: [arm64]
    os: [linux]

  '@oxlint/binding-linux-ppc64-gnu@1.87.0':
    resolution: {integrity: sha512-d5Mnn+ICbhoJPi37Ccjy+86T5qfH2+mSTrTMBXNPfB+wqSWOayBBLLIrCXdUy1YssluCVdGkl+DO9w5r5ODmUA==}
    engines: {node: ^20.19.0 || >=22.12.0}
    cpu: [ppc64]
    os: [linux]

  '@oxlint/binding-linux-riscv64-gnu@1.87.0':
    resolution: {integrity: sha512-sf5YWuUo1Dx9loqWCgF8P278MycfcD4JHjDC/LV5j11L3Lqa4PFiwCjD6B8kP4AjsgZZkLn3xbpJEtZBaccs4Q==}
    engines: {node: ^20.19.0 || >=22.12.0}
    cpu: [riscv64]
    os: [linux]

  '@oxlint/binding-linux-riscv64-musl@1.87.0':
    resolution: {integrity: sha512-+aCraYbmK3uU3P0rFojjeaK9pGY6JvBDXh/0CM+gPyWKmNmXmnFe0qj4qj02U4ibFpbd9Pa9CmDvIdjJUd29rA==}
    engines: {node: ^20.19.0 || >=22.12.0}
    cpu: [riscv64]
    os: [linux]

  '@oxlint/binding-linux-s390x-gnu@1.87.0':
    resolution: {integrity: sha512-7rzbZQIljo6VLWVPqUyLa2P/WV3VFsJB4M52R4NCUJn1A50yjtUsHxiMHFL9opEKGFIiTbZ3VQzmtcJOPUq4NQ==}
    engines: {node: ^20.19.0 || >=22.12.0}
    cpu: [s390x]
    os: [linux]

  '@oxlint/binding-linux-x64-gnu@1.87.0':
    resolution: {integrity: sha512-Dry46Fa+AXE/xt9J/YriujU1pU9mzfNWHGQwtOYibAFH8HLrKWCi93AhIGnuUMiwn2JbuBkRyz51f50Ly4r4ow==}
    engines: {node: ^20.19.0 || >=22.12.0}
    cpu: [x64]
    os: [linux]

  '@oxlint/binding-linux-x64-musl@1.87.0':
    resolution: {integrity: sha512-f/HMZez74gJvnRpGz+b5sdGyWrEgRLmFTXg9sNoqjPWogGxYHUhXKTKyMiYsu9rUGR2ciYqL3fk+Ua4JhMJbRA==}
    engines: {node: ^20.19.0 || >=22.12.0}
    cpu: [x64]
    os: [linux]

  '@oxlint/binding-openharmony-arm64@1.87.0':
    resolution: {integrity: sha512-lEC6ZfPZm/07JlB7FsOWX9o1RiHlXiBW594LSUGuXmekC8LZmvUPP9XzE2WZcNxJi5cHA/Fw56o02c3JxgMA5g==}
    engines: {node: ^20.19.0 || >=22.12.0}
    cpu: [arm64]
    os: [openharmony]

  '@oxlint/binding-win32-arm64-msvc@1.87.0':
    resolution: {integrity: sha512-afBWKOD36dUiA9AenaiWpCg8xfyUVPYznyAAVXu413brK4RA5UI/Xoc4yfeGIT8G1a44MV+JR7hioryerBDzGQ==}
    engines: {node: ^20.19.0 || >=22.12.0}
    cpu: [arm64]
    os: [win32]

  '@oxlint/binding-win32-ia32-msvc@1.87.0':
    resolution: {integrity: sha512-daptNsEOuru4/nJTxV4DBHNJ5GepzmaBVQf+jjgKQGi9NRlZKik+RFq4hUL7ewsF1pwjKM+SkYaMbF82UwFGnw==}
    engines: {node: ^20.19.0 || >=22.12.0}
    cpu: [ia32]
    os: [win32]

  '@oxlint/binding-win32-x64-msvc@1.87.0':
    resolution: {integrity: sha512-k+m/EShyXE29J/r1fjk0HlAzhN5JhIvj044oSJkXTEkCLrWZQgXb/3r4q5LTw/eaKW/4GuMXG2xmiJs3s5rPNw==}
    engines: {node: ^20.19.0 || >=22.12.0}
    cpu: [x64]
    os: [win32]

  '@paperback/runtime-polyfills@1.0.0-alpha.92':
    resolution: {integrity: sha512-wfGpKBV5C88NgZpZoo5/aeHhHlmG16sLa9oIJCxPmY/5vrxg35GDaPwrKt/g81PakmlaJbcOgSErgbwEiCtD3g==}

  '@paperback/toolchain@1.0.0-alpha.92':
    resolution: {integrity: sha512-r6/XMsrilFMOmn+2vHBysbVUfNyVrGY7spcTlYOkmb44BtKZoKl5KGFo4ZiTVc/Hn9QzKH2Muzva88wAKihsyw==}
    engines: {node: '>=24'}
    hasBin: true

  '@paperback/types@1.0.0-alpha.92':
    resolution: {integrity: sha512-A1v/D1YrFE3SjeJRCB1Cg+HoB/7VZ2D2ZW/0Ub+6mNfxPFehHqQgfIKoj7W1RIcU6IrFBUfieq56MJzo3XdDSg==}

  '@protobuf-ts/plugin@2.11.1':
    resolution: {integrity: sha512-HyuprDcw0bEEJqkOWe1rnXUP0gwYLij8YhPuZyZk6cJbIgc/Q0IFgoHQxOXNIXAcXM4Sbehh6kjVnCzasElw1A==}
    hasBin: true

  '@protobuf-ts/protoc@2.11.1':
    resolution: {integrity: sha512-mUZJaV0daGO6HUX90o/atzQ6A7bbN2RSuHtdwo8SSF2Qoe3zHwa4IHyCN1evftTeHfLmdz+45qo47sL+5P8nyg==}
    hasBin: true

  '@protobuf-ts/runtime-rpc@2.11.1':
    resolution: {integrity: sha512-4CqqUmNA+/uMz00+d3CYKgElXO9VrEbucjnBFEjqI4GuDrEQ32MaI3q+9qPBvIGOlL4PmHXrzM32vBPWRhQKWQ==}

  '@protobuf-ts/runtime@2.11.1':
    resolution: {integrity: sha512-KuDaT1IfHkugM2pyz+FwiY80ejWrkH1pAtOBOZFuR6SXEFTsnb/jiQWQ1rCIrcKx2BtyxnxW6BWwsVSA/Ie+WQ==}

  '@protobufjs/aspromise@1.1.2':
    resolution: {integrity: sha512-j+gKExEuLmKwvz3OgROXtrJ2UG2x8Ch2YZUxahh+s1F2HZ+wAceUNLkvy6zKCPVRkU++ZWQrdxsUeQXmcg4uoQ==}

  '@protobufjs/base64@1.1.2':
    resolution: {integrity: sha512-AZkcAA5vnN/v4PDqKyMR5lx7hZttPDgClv83E//FMNhR2TMcLUhfRUBHCmSl0oi9zMgDDqRUJkSxO3wm85+XLg==}

  '@protobufjs/codegen@2.0.5':
    resolution: {integrity: sha512-zgXFLzW3Ap33e6d0Wlj4MGIm6Ce8O89n/apUaGNB/jx+hw+ruWEp7EwGUshdLKVRCxZW12fp9r40E1mQrf/34g==}

  '@protobufjs/eventemitter@1.1.1':
    resolution: {integrity: sha512-vW1GmwMZNnL+gMRaovlh9yZX74kc+TTU3FObkkurpMaRtBfLP3ldjS9KQWlwZgraRE0+dheEEoAxdzcJQ8eXZg==}

  '@protobufjs/fetch@1.1.1':
    resolution: {integrity: sha512-GpptLrs57adMSuHi3VNj0mAF8dwh36LMaYF6XyJ6JMWlVsc+t42tm1HSEDmOs3A8fC9yyeisgLhsTVQokOZ0zw==}

  '@protobufjs/float@1.0.2':
    resolution: {integrity: sha512-Ddb+kVXlXst9d+R9PfTIxh1EdNkgoRe5tOX6t01f1lYWOvJnSPDBlG241QLzcyPdoNTsblLUdujGSE4RzrTZGQ==}

  '@protobufjs/path@1.1.2':
    resolution: {integrity: sha512-6JOcJ5Tm08dOHAbdR3GrvP+yUUfkjG5ePsHYczMFLq3ZmMkAD98cDgcT2iA1lJ9NVwFd4tH/iSSoe44YWkltEA==}

  '@protobufjs/pool@1.1.0':
    resolution: {integrity: sha512-0kELaGSIDBKvcgS4zkjz1PeddatrjYcmMWOlAuAPwAeccUrPHdUqo/J6LiymHHEiJT5NrF1UVwxY14f+fy4WQw==}

  '@protobufjs/utf8@1.1.1':
    resolution: {integrity: sha512-oOAWABowe8EAbMyWKM0tYDKi8Yaox52D+HWZhAIJqQXbqe0xI/GV7FhLWqlEKreMkfDjshR5FKgi3mnle0h6Eg==}

  '@rolldown/binding-android-arm64@1.1.2':
    resolution: {integrity: sha512-2cZ+7xRS+DBcuJBJKnfzsbleumJhBqSlJVpuzHC0nTqfd3QQ7Vx2/x5YR/D7cBamKSeWplwo82Fn9lqYUDEMfA==}
    engines: {node: ^20.19.0 || >=22.12.0}
    cpu: [arm64]
    os: [android]

  '@rolldown/binding-darwin-arm64@1.1.2':
    resolution: {integrity: sha512-RkPMJnygxsgOYdkfqgpwY0/Fzm8d0VQe6HGU2/B00Xa9eqdLbrII+DOKAodbJAn3ZL1AJxGHkZRPYazgGY6Ljw==}
    engines: {node: ^20.19.0 || >=22.12.0}
    cpu: [arm64]
    os: [darwin]

  '@rolldown/binding-darwin-x64@1.1.2':
    resolution: {integrity: sha512-Uiczh6vFhwyfd7WNe7Q7mCA4KxAiLdz7jPE/WGizfRpIieoyFuNVMmM8HqZ9HwudTkY6/AeMQwlNJ9NJijguWw==}
    engines: {node: ^20.19.0 || >=22.12.0}
    cpu: [x64]
    os: [darwin]

  '@rolldown/binding-freebsd-x64@1.1.2':
    resolution: {integrity: sha512-+TpdtTRgHiJFjCVFbw311SuLk3KfytPOQQn+VlAEv+gBxYPtL7E6JS9e/tk+8CwxhIZvemJKo4rTKgfWNsKkkA==}
    engines: {node: ^20.19.0 || >=22.12.0}
    cpu: [x64]
    os: [freebsd]

  '@rolldown/binding-linux-arm-gnueabihf@1.1.2':
    resolution: {integrity: sha512-4lv1/tkmi7ueIVHnyreaOeUpiZP26BH9rRy6hoYfR9310A2B9nUEVRDvBx69vx64Nr3eTPPRkyciqJJs+j9Jmw==}
    engines: {node: ^20.19.0 || >=22.12.0}
    cpu: [arm]
    os: [linux]

  '@rolldown/binding-linux-arm64-gnu@1.1.2':
    resolution: {integrity: sha512-gBSUVO0eaWgw1JMjK3gB8BMlX2Mk148s2lTiVT3e9vjVxbl7UDfMWWY8CfIaaqiXuM9fVTMxIpUz6CAo/B6Vlw==}
    engines: {node: ^20.19.0 || >=22.12.0}
    cpu: [arm64]
    os: [linux]

  '@rolldown/binding-linux-arm64-musl@1.1.2':
    resolution: {integrity: sha512-LjQP/iZLBu8o8PjIfk4x3At0/mT6h282pvz8Z5LAyhGbu/kDezyO7ea62rF5uoqmgnIYqbN/MqJ3Si3Aymi7xQ==}
    engines: {node: ^20.19.0 || >=22.12.0}
    cpu: [arm64]
    os: [linux]

  '@rolldown/binding-linux-ppc64-gnu@1.1.2':
    resolution: {integrity: sha512-X/7bVLWelEsbyWDUSXt7zVsTniLLPIY2n1rH58qr78l9i7MNbbxBWD8gI2vRfBWf4NUXJCUuQnfZDsp32LqsfQ==}
    engines: {node: ^20.19.0 || >=22.12.0}
    cpu: [ppc64]
    os: [linux]

  '@rolldown/binding-linux-s390x-gnu@1.1.2':
    resolution: {integrity: sha512-gb6dYKW/1KDorGXyy48glEBJs/sxVSC5pcVrox/pFGV4mvwSFeg2sK5L2tRkVsVlh7kueqOgg4GEcuipJcGuKg==}
    engines: {node: ^20.19.0 || >=22.12.0}
    cpu: [s390x]
    os: [linux]

  '@rolldown/binding-linux-x64-gnu@1.1.2':
    resolution: {integrity: sha512-JY4w85pU3iAiJVMh5nuk4/Mh9GjMsupe8MrIN53rwxAZW64GKrWeJBuN6SxQg9QTU5uB1cxyhDzW8jqRn1EABw==}
    engines: {node: ^20.19.0 || >=22.12.0}
    cpu: [x64]
    os: [linux]

  '@rolldown/binding-linux-x64-musl@1.1.2':
    resolution: {integrity: sha512-xvpA7o5KCYLB0Rwscmuylb1/zHHSUx4g4xilm4prC5jP76pEUlzBmMbgpbh7bVDbId4NcfT96gN5i6mE6UDaiw==}
    engines: {node: ^20.19.0 || >=22.12.0}
    cpu: [x64]
    os: [linux]

  '@rolldown/binding-openharmony-arm64@1.1.2':
    resolution: {integrity: sha512-p/ts6KBLjuk49Bp21XH77poQGt02iNz7ChgHep7tudPOaLinR/De/RHdxF8w8Yj4r/bF/bqXwH6PZrB2sA+Nvw==}
    engines: {node: ^20.19.0 || >=22.12.0}
    cpu: [arm64]
    os: [openharmony]

  '@rolldown/binding-wasm32-wasi@1.1.2':
    resolution: {integrity: sha512-VMu/wmrZ9hJzYlRhbw7jK5PODlugyKZ5mOdX78+lS8OvuFkWNQdz1pFLrI2p3P0pjXOmUZ7B48o5VnMH9QOGtg==}
    engines: {node: ^20.19.0 || >=22.12.0}
    cpu: [wasm32]

  '@rolldown/binding-win32-arm64-msvc@1.1.2':
    resolution: {integrity: sha512-xtUJqs8qEkuSviS0n1tsohaPuz3a1SPhZywOji4Oo+sgrJs8daEDMZ0QtqL0OS7dx8PoVpg2J/ZZycPY5I2+Zg==}
    engines: {node: ^20.19.0 || >=22.12.0}
    cpu: [arm64]
    os: [win32]

  '@rolldown/binding-win32-x64-msvc@1.1.2':
    resolution: {integrity: sha512-85YiLQqjUKgSO/Zjnf9e0XIn5Ymrh1fLDWBeAkZqpuBR/3R8TpfoHXuyblqyQrftSSgWO9qpcHN8mkyKsLraoA==}
    engines: {node: ^20.19.0 || >=22.12.0}
    cpu: [x64]
    os: [win32]

  '@rolldown/pluginutils@1.0.1':
    resolution: {integrity: sha512-2j9bGt5Jh8hj+vPtgzPtl72j0yRxHAyumoo6TNfAjsLB04UtpSvPbPcDcBMxz7n+9CYB0c1GxQFxYRg2jimqGw==}

  '@stricli/auto-complete@1.2.8':
    resolution: {integrity: sha512-N5CdahYKdi4lg9ekvugZFg85UgBa+4cDkPjQZkVa7DUF3VD+l4ZsY6jDGA2xi8eS4i+YBKFDUwibWKOHfr9Yvg==}
    hasBin: true

  '@stricli/core@1.2.8':
    resolution: {integrity: sha512-zqEZu9x+UAAZrzQlfD/iDXIyb6Y3560MzfvFpNfWXJdZuJ0SSxGOGse+0P/5kwlufsSXQF8Wn5jK1NZF4vcqnw==}

  '@tybys/wasm-util@0.10.2':
    resolution: {integrity: sha512-RoBvJ2X0wuKlWFIjrwffGw1IqZHKQqzIchKaadZZfnNpsAYp2mM0h36JtPCjNDAHGgYez/15uMBpfGwchhiMgg==}

  '@types/node@26.0.0':
    resolution: {integrity: sha512-vf2YFi1iY9lHGwNJMs01biZFbKJkrZR1T6/MlzjhJLPdntOHLhTrDSnSVcdtvjihi4VQNlrFRIxLsDBlQpAipA==}

  '@typescript/vfs@1.6.4':
    resolution: {integrity: sha512-PJFXFS4ZJKiJ9Qiuix6Dz/OwEIqHD7Dme1UwZhTK11vR+5dqW2ACbdndWQexBzCx+CPuMe5WBYQWCsFyGlQLlQ==}
    peerDependencies:
      typescript: '*'

  ansi-escapes@7.3.0:
    resolution: {integrity: sha512-BvU8nYgGQBxcmMuEeUEmNTvrMVjJNSH7RgW24vXexN4Ven6qCvy4TntnvlnwnMLTVlcRQQdbRY8NKnaIoeWDNg==}
    engines: {node: '>=18'}

  ansi-regex@5.0.1:
    resolution: {integrity: sha512-quJQXlTSUGL2LH9SUXo8VwsY4soanhgo6LNSm84E1LBcE8s3O0wpdiRzyR9z/ZZJMlMWv37qOOb9pdJlMUEKFQ==}
    engines: {node: '>=8'}

  ansi-regex@6.2.2:
    resolution: {integrity: sha512-Bq3SmSpyFHaWjPk8If9yc6svM8c56dB5BAtW4Qbw5jHTwwXXcTLoRMkpDJp6VL0XzlWaCHTXrkFURMYmD0sLqg==}
    engines: {node: '>=12'}

  ansi-styles@4.3.0:
    resolution: {integrity: sha512-zbB9rCJAT1rbjiVDb2hqKFHNYLxgtk8NURxZ3IZwD3F6NtxbXZQCnnSi1Lkx+IDohdPlFp222wVALIheZJQSEg==}
    engines: {node: '>=8'}

  ansi-styles@6.2.3:
    resolution: {integrity: sha512-4Dj6M28JB+oAH8kFkTLUo+a2jwOFkuqb3yucU0CANcRRUbxS0cP0nZYCGjcc3BNXwRIsUVmDGgzawme7zvJHvg==}
    engines: {node: '>=12'}

  base64-js@1.5.1:
    resolution: {integrity: sha512-AKpaYlHn8t4SVbOHCy+b5+KKgvR4vrsD8vbvrbiQJps7fKDTkjkDry6ji0rUJjC0kzbNePLwzxq8iypo41qeWA==}

  buffer@6.0.3:
    resolution: {integrity: sha512-FTiCpNxtwiZZHEZbcbTIcZjERVICn9yq/pDFkTl95/AxzD1naBctN7YO68riM/gLSDY7sdrMby8hofADYuuqOA==}

  chai@6.2.2:
    resolution: {integrity: sha512-NUPRluOfOiTKBKvWPtSD4PhFvWCqOi0BGStNWs57X9js7XGTprSmFoz5F0tWhR4WPjNeR9jXqdC7/UpSJTnlRg==}
    engines: {node: '>=18'}

  cli-cursor@5.0.0:
    resolution: {integrity: sha512-aCj4O5wKyszjMmDT4tZj93kxyydN/K5zPWSCe6/0AV/AA1pqe5ZBIw0a2ZfPQV7lL5/yb5HsUreJ6UFAF1tEQw==}
    engines: {node: '>=18'}

  cli-truncate@5.2.0:
    resolution: {integrity: sha512-xRwvIOMGrfOAnM1JYtqQImuaNtDEv9v6oIYAs4LIHwTiKee8uwvIi363igssOC0O5U04i4AlENs79LQLu9tEMw==}
    engines: {node: '>=20'}

  cliui@8.0.1:
    resolution: {integrity: sha512-BSeNnyus75C4//NQ9gQt1/csTXyo/8Sb+afLAkzAptFuMsod9HFokGNudZpi/oQV73hnVK+sR+5PVRMd+Dr7YQ==}
    engines: {node: '>=12'}

  color-convert@2.0.1:
    resolution: {integrity: sha512-RRECPsj7iu/xb5oKYcsFHSppFNnsj/52OVTRKb4zP5onXwVF3zVmmToNcOfGC+CRDpfK/U584fMg38ZHCaElKQ==}
    engines: {node: '>=7.0.0'}

  color-name@1.1.4:
    resolution: {integrity: sha512-dOy+3AuW3a2wNbZHIuMZpTcgjGuLU/uBL/ubcZF9OXbDo8ff4O8yVp5Bf0efS8uEoYo5q4Fx7dY9OgQGXgAsQA==}

  debug@4.4.3:
    resolution: {integrity: sha512-RGwwWnwQvkVfavKVt22FGLw+xYSdzARwm0ru6DhTVA3umU5hZc28V3kO4stgYryrTlLpuvgI9GiijltAjNbcqA==}
    engines: {node: '>=6.0'}
    peerDependencies:
      supports-color: '*'
    peerDependenciesMeta:
      supports-color:
        optional: true

  emoji-regex@10.6.0:
    resolution: {integrity: sha512-toUI84YS5YmxW219erniWD0CIVOo46xGKColeNQRgOzDorgBi1v4D71/OFzgD9GO2UGKIv1C3Sp8DAn0+j5w7A==}

  emoji-regex@8.0.0:
    resolution: {integrity: sha512-MSjYzcWNOA0ewAHpz0MxpYFvwg6yjy1NG3xteoqz644VCo/RPgnr1/GGt+ic3iJTzQ8Eu3TdM14SawnVUmGE6A==}

  entities@8.0.0:
    resolution: {integrity: sha512-zwfzJecQ/Uej6tusMqwAqU/6KL2XaB2VZ2Jg54Je6ahNBGNH6Ek6g3jjNCF0fG9EWQKGZNddNjU5F1ZQn/sBnA==}
    engines: {node: '>=20.19.0'}

  environment@1.1.0:
    resolution: {integrity: sha512-xUtoPkMggbz0MPyPiIWr1Kp4aeWJjDZ6SMvURhimjdZgsRuDplF5/s9hcgGhyXMhs+6vpnuoiZ2kFiu3FMnS8Q==}
    engines: {node: '>=18'}

  escalade@3.2.0:
    resolution: {integrity: sha512-WUj2qlxaQtO4g6Pq5c29GTcWGDyd8itL8zTlipgECz3JesAiiOKotd8JU6otB3PACgG6xkJUyVhboMS+bje/jA==}
    engines: {node: '>=6'}

  eventemitter3@5.0.4:
    resolution: {integrity: sha512-mlsTRyGaPBjPedk6Bvw+aqbsXDtoAyAzm5MO7JgU+yVRyMQ5O8bD4Kcci7BS85f93veegeCPkL8R4GLClnjLFw==}

  get-caller-file@2.0.5:
    resolution: {integrity: sha512-DyFP3BM/3YHTQOCUL/w0OZHR0lpKeGrxotcHWcqNEdnltqFwXVfhEBQ94eIo34AfQpo0rGki4cyIiftY06h2Fg==}
    engines: {node: 6.* || 8.* || >= 10.*}

  get-east-asian-width@1.6.0:
    resolution: {integrity: sha512-QRbvDIbx6YklUe6RxeTeleMR0yv3cYH6PsPZHcnVn7xv7zO1BHN8r0XETu8n6Ye3Q+ahtSarc3WgtNWmehIBfA==}
    engines: {node: '>=18'}

  gql.tada@1.11.4:
    resolution: {integrity: sha512-UQnhJUhSM0MV8cpcgjci/7ET8LnmHx9o9FtZqU4sH+ILiBVG5rnfXJzNdzTN+Y7MuCz6Pp3XE/VPEVqmO969jw==}
    hasBin: true
    peerDependencies:
      typescript: ^5.0.0 || ^6.0.0 || ^7.0.0 || ^8.0.0

  graphql@17.0.2:
    resolution: {integrity: sha512-FRWbddMxfkjiB7z+aQDWIR+E34xo9I8c9mtK2RPv8PmMzKRvrdsreHL/Ui/TmwHJfhHChEtsFPyMHKI+xuarQQ==}
    engines: {node: ^22.0.0 || ^24.0.0 || ^25.0.0 || >=26.0.0}

  husky@9.1.7:
    resolution: {integrity: sha512-5gs5ytaNjBrh5Ow3zrvdUUY+0VxIuWVL4i9irt6friV+BqdCfmV11CQTWMiBYWHbXhco+J1kHfTOUkePhCDvMA==}
    engines: {node: '>=18'}
    hasBin: true

  ieee754@1.2.1:
    resolution: {integrity: sha512-dcyqhDvX1C46lXZcVqCpK+FtMRQVdIMN6/Df5js2zouUsqG7I6sFxitIC+7KYK29KdXOLHdu9zL4sFnoVQnqaA==}

  is-fullwidth-code-point@3.0.0:
    resolution: {integrity: sha512-zymm5+u+sCsSWyD9qNaejV3DFvhCKclKdizYaJUuHA83RLjb7nSuGnddCHGv0hk+KY7BMAlsWeK4Ueg6EV6XQg==}
    engines: {node: '>=8'}

  is-fullwidth-code-point@5.1.0:
    resolution: {integrity: sha512-5XHYaSyiqADb4RnZ1Bdad6cPp8Toise4TzEjcOYDHZkTCbKgiUl7WTUCpNWHuxmDt91wnsZBc9xinNzopv3JMQ==}
    engines: {node: '>=18'}

  listr2@10.2.1:
    resolution: {integrity: sha512-7I5knELsJKTUjXG+A6BkKAiGkW1i25fNa/xlUl9hFtk15WbE9jndA89xu5FzQKrY5llajE1hfZZFMILXkDHk/Q==}
    engines: {node: '>=22.13.0'}

  lodash.camelcase@4.3.0:
    resolution: {integrity: sha512-TwuEnCnxbc3rAvhf/LbG7tJUDzhqXyFnv3dtzLOPgCG/hODL7WFnsbwktkD7yUV0RrreP/l1PALq/YSg6VvjlA==}

  log-update@6.1.0:
    resolution: {integrity: sha512-9ie8ItPR6tjY5uYJh8K/Zrv/RMZ5VOlOWvtZdEHYSTFKZfIBPQa9tOAEeAWhd+AnIneLJ22w5fjOYtoutpWq5w==}
    engines: {node: '>=18'}

  long@5.3.2:
    resolution: {integrity: sha512-mNAgZ1GmyNhD7AuqnTG3/VQ26o760+ZYBPKjPvugO8+nLbYfX6TVpJPseBvopbdY+qpZ/lKUnmEc1LeZYS3QAA==}

  mimic-function@5.0.1:
    resolution: {integrity: sha512-VP79XUPxV2CigYP3jWwAUFSku2aKqBH7uTAapFWCBqutsbmDo96KY5o8uh6U+/YSIn5OxJnXp73beVkpqMIGhA==}
    engines: {node: '>=18'}

  ms@2.1.3:
    resolution: {integrity: sha512-6FlzubTLZG3J2a/NVCAleEhjzq5oxgHyaCU9yYXvcLsvoVaHJq/s5xXI6/XXP6tz7R9xAOtHnSO/tXtF3WRTlA==}

  onetime@7.0.0:
    resolution: {integrity: sha512-VXJjc87FScF88uafS3JllDgvAm+c/Slfz06lorj2uAY34rlUu0Nt+v8wreiImcrgAjjIHp1rXpTDlLOGw29WwQ==}
    engines: {node: '>=18'}

  oxfmt@0.72.0:
    resolution: {integrity: sha512-16OQeL0uhPZbfmT9S9WWM0Nv9+BmVi8Ra1uTYaSKj/qSCs6FB30KOhz9JoNYw6thT+K5bVxsk/tSEOu497i34g==}
    engines: {node: ^20.19.0 || >=22.12.0}
    hasBin: true
    peerDependencies:
      svelte: ^5.0.0
      vite-plus: '*'
    peerDependenciesMeta:
      svelte:
        optional: true
      vite-plus:
        optional: true

  oxlint-tsgolint@7.0.2003:
    resolution: {integrity: sha512-VnK4zlqgmgq/7ZcjzCk/WpN8kKFsYGcB85Io9qT3wL4K8Un3RKmJkp793crNETieMusPMKOA4a+Mw2wbteI6TQ==}
    hasBin: true

  oxlint@1.87.0:
    resolution: {integrity: sha512-drxVlaW7Oqq7wSy1CN25znRu00aRq8n57Q2wniJRxCmtYVz07ufCm7EVDPQFZURrTgQIjzKrVEHAD/HcvJXObg==}
    engines: {node: ^20.19.0 || >=22.12.0}
    hasBin: true
    peerDependencies:
      oxlint-tsgolint: '>=7.0.2003'
      vite-plus: '*'
    peerDependenciesMeta:
      oxlint-tsgolint:
        optional: true
      vite-plus:
        optional: true

  picocolors@1.1.1:
    resolution: {integrity: sha512-xceH2snhtb5M9liqDsmEw56le376mTZkEX/jEb/RxNFyegNul7eNslCXP9FDj/Lcu0X8KEyMceP2ntpaHrDEVA==}

  protobufjs@7.6.4:
    resolution: {integrity: sha512-RJJPTTpvFfHcWLkIa2JFWK4XvtSzS0yEWDmunqHXli1h3JlkbcQZXDZdcWxv+JK3Xsl5/UFDPZ0iGm7DAengYw==}
    engines: {node: '>=12.0.0'}

  require-directory@2.1.1:
    resolution: {integrity: sha512-fGxEI7+wsG9xrvdjsrlmL22OMTTiHRwAMroiEeMgq8gzoLC/PQr7RsRDSTLUg/bZAZtF+TVIkHc6/4RIKrui+Q==}
    engines: {node: '>=0.10.0'}

  restore-cursor@5.1.0:
    resolution: {integrity: sha512-oMA2dcrw6u0YfxJQXm342bFKX/E4sG9rbTzO9ptUcR/e8A33cHuvStiYOwH7fszkZlZ1z/ta9AAoPk2F4qIOHA==}
    engines: {node: '>=18'}

  rfdc@1.4.1:
    resolution: {integrity: sha512-q1b3N5QkRUWUl7iyylaaj3kOpIT0N2i9MqIEQXP73GVsN9cw3fdx8X63cEmWhJGi2PPCF23Ijp7ktmd39rawIA==}

  rolldown@1.1.2:
    resolution: {integrity: sha512-x0CrQQqCXWGeI8dTvFfN/Dnv3yMKT9hv5jFjlOreKAx9wqLq9wz7VvLLHyaAXC90/CpggTu9SisSbsJJTPSjNQ==}
    engines: {node: ^20.19.0 || >=22.12.0}
    hasBin: true

  signal-exit@4.1.0:
    resolution: {integrity: sha512-bzyZ1e88w9O1iNJbKnOlvYTrWPDl46O1bG0D3XInv+9tkPrxrN8jUUTiFlDkkmKWgn1M6CfIA13SuGqOa9Korw==}
    engines: {node: '>=14'}

  slice-ansi@7.1.2:
    resolution: {integrity: sha512-iOBWFgUX7caIZiuutICxVgX1SdxwAVFFKwt1EvMYYec/NWO5meOJ6K5uQxhrYBdQJne4KxiqZc+KptFOWFSI9w==}
    engines: {node: '>=18'}

  slice-ansi@8.0.0:
    resolution: {integrity: sha512-stxByr12oeeOyY2BlviTNQlYV5xOj47GirPr4yA1hE9JCtxfQN0+tVbkxwCtYDQWhEKWFHsEK48ORg5jrouCAg==}
    engines: {node: '>=20'}

  string-width@4.2.3:
    resolution: {integrity: sha512-wKyQRQpjJ0sIp62ErSZdGsjMJWsap5oRNihHhu6G7JVO/9jIB6UyevL+tXuOqrng8j/cxKTWyWUwvSTriiZz/g==}
    engines: {node: '>=8'}

  string-width@7.2.0:
    resolution: {integrity: sha512-tsaTIkKW9b4N+AEj+SVA+WhJzV7/zMhcSu78mLKWSk7cXMOSHsBKFWUs0fWwq8QyK3MgJBQRX6Gbi4kYbdvGkQ==}
    engines: {node: '>=18'}

  string-width@8.2.1:
    resolution: {integrity: sha512-IIaP0g3iy9Cyy18w3M9YcaDudujEAVHKt3a3QJg1+sr/oX96TbaGUubG0hJyCjCBThFH+tFpcIyoUHUn1ogaLA==}
    engines: {node: '>=20'}

  strip-ansi@6.0.1:
    resolution: {integrity: sha512-Y38VPSHcqkFrCpFnQ9vuSXmquuv5oXOKpGeT6aGrr3o3Gc9AlVa6JBfUSOCnbxGGZF+/0ooI7KrPuUSztUdU5A==}
    engines: {node: '>=8'}

  strip-ansi@7.2.0:
    resolution: {integrity: sha512-yDPMNjp4WyfYBkHnjIRLfca1i6KMyGCtsVgoKe/z1+6vukgaENdgGBZt+ZmKPc4gavvEZ5OgHfHdrazhgNyG7w==}
    engines: {node: '>=12'}

  tinypool@2.2.0:
    resolution: {integrity: sha512-jBrmx4lYmaC9k/mgPbylxs7kBUxHtD8256up+HjLaDFfXScKJQyil+SWXSvhAtT7XHo+yTVlpB81PGmHP8oLSQ==}
    engines: {node: ^20.0.0 || >=22.0.0}

  tslib@2.8.1:
    resolution: {integrity: sha512-oJFu94HQb+KVduSUQL7wnpmqnfmLsOA/nAh6b6EH0wCEoK0/mPeXU6c3wKDV83MkOuHPRHtSXKKU99IBazS/2w==}

  typescript@3.9.10:
    resolution: {integrity: sha512-w6fIxVE/H1PkLKcCPsFqKE7Kv7QUwhU8qQY2MueZXWx5cPZdwFupLgKK3vntcK98BtNHZtAF4LA/yl2a7k8R6Q==}
    engines: {node: '>=4.2.0'}
    hasBin: true

  typescript@5.4.5:
    resolution: {integrity: sha512-vcI4UpRgg81oIRUFwR0WSIHKt11nJ7SAVlYNIu+QpqeyXP+gpQJy/Z4+F0aGxSE4MqwjyXvW/TzgkLAx2AGHwQ==}
    engines: {node: '>=14.17'}
    hasBin: true

  typescript@6.0.3:
    resolution: {integrity: sha512-y2TvuxSZPDyQakkFRPZHKFm+KKVqIisdg9/CZwm9ftvKXLP8NRWj38/ODjNbr43SsoXqNuAisEf1GdCxqWcdBw==}
    engines: {node: '>=14.17'}
    hasBin: true

  undici-types@8.3.0:
    resolution: {integrity: sha512-j375ScV60dom+YkPFIfTLcOiPxkN/buHz5GobjLhixFuANaNs3C9l4GmrWqejgXWJ7BbJcFYpTEUkS1Ge8bpZQ==}

  user-agents@2.1.99:
    resolution: {integrity: sha512-IAg/5e/oGMwAoCSyzphhqoA6sUCk8y/deFOIsp4B+uOf1PRYWKdOO2YfGWwA+YWHjp2ifV1WJ4cchyZfS9R2gw==}
    engines: {node: '>=18'}

  wrap-ansi@10.0.0:
    resolution: {integrity: sha512-SGcvg80f0wUy2/fXES19feHMz8E0JoXv2uNgHOu4Dgi2OrCy1lqwFYEJz1BLbDI0exjPMe/ZdzZ/YpGECBG/aQ==}
    engines: {node: '>=20'}

  wrap-ansi@7.0.0:
    resolution: {integrity: sha512-YVGIj2kamLSTxw6NsZjoBxfSwsn0ycdesmc4p+Q21c5zPuZ1pl+NfxVdxPtdHvmNVOQ6XSYG4AUtyt/Fi7D16Q==}
    engines: {node: '>=10'}

  wrap-ansi@9.0.2:
    resolution: {integrity: sha512-42AtmgqjV+X1VpdOfyTGOYRi0/zsoLqtXQckTmqTeybT+BDIbM/Guxo7x3pE2vtpr1ok6xRqM9OpBe+Jyoqyww==}
    engines: {node: '>=18'}

  y18n@5.0.8:
    resolution: {integrity: sha512-0pfFzegeDWJHJIAmTLRP2DwHjdF5s7jo9tuztdQxAhINCdvS+3nGINqPd00AphqJR/0LhANUS6/+7SCb98YOfA==}
    engines: {node: '>=10'}

  yargs-parser@21.1.1:
    resolution: {integrity: sha512-tVpsJW7DdjecAiFpbIB1e3qxIQsE6NoPc5/eTdrbbIC4h0LVsWhnoa3g+m2HclBIujHzsxZ4VJVA+GUuc2/LBw==}
    engines: {node: '>=12'}

  yargs@17.7.3:
    resolution: {integrity: sha512-GZtjxm/J/4TSxuL3FNYjCmLktBTnIw/rVmKSIyKeYAZpmJB2ig9VauCC5xsa82GNKVKDAqpOn3KVzNt0zmrU0g==}
    engines: {node: '>=12'}

snapshots:

  '@0no-co/graphql.web@1.3.4(graphql@17.0.2)':
    optionalDependencies:
      graphql: 17.0.2

  '@0no-co/graphqlsp@1.17.5(graphql@17.0.2)(typescript@6.0.3)':
    dependencies:
      '@gql.tada/internal': 1.2.2(graphql@17.0.2)(typescript@6.0.3)
      graphql: 17.0.2
      typescript: 6.0.3

  '@bufbuild/protobuf@2.12.1': {}

  '@bufbuild/protoplugin@2.12.1':
    dependencies:
      '@bufbuild/protobuf': 2.12.1
      '@typescript/vfs': 1.6.4(typescript@5.4.5)
      typescript: 5.4.5
    transitivePeerDependencies:
      - supports-color

  '@emnapi/core@1.11.1':
    dependencies:
      '@emnapi/wasi-threads': 1.2.2
      tslib: 2.8.1
    optional: true

  '@emnapi/runtime@1.11.1':
    dependencies:
      tslib: 2.8.1
    optional: true

  '@emnapi/wasi-threads@1.2.2':
    dependencies:
      tslib: 2.8.1
    optional: true

  '@gql.tada/cli-utils@1.9.4(@0no-co/graphqlsp@1.17.5(graphql@17.0.2)(typescript@6.0.3))(graphql@17.0.2)(typescript@6.0.3)':
    dependencies:
      '@0no-co/graphqlsp': 1.17.5(graphql@17.0.2)(typescript@6.0.3)
      '@gql.tada/internal': 1.2.2(graphql@17.0.2)(typescript@6.0.3)
      graphql: 17.0.2
      typescript: 6.0.3

  '@gql.tada/internal@1.2.2(graphql@17.0.2)(typescript@6.0.3)':
    dependencies:
      '@0no-co/graphql.web': 1.3.4(graphql@17.0.2)
      graphql: 17.0.2
      typescript: 6.0.3

  '@grpc/grpc-js@1.14.4':
    dependencies:
      '@grpc/proto-loader': 0.8.1
      '@js-sdsl/ordered-map': 4.4.2

  '@grpc/proto-loader@0.8.1':
    dependencies:
      lodash.camelcase: 4.3.0
      long: 5.3.2
      protobufjs: 7.6.4
      yargs: 17.7.3

  '@js-sdsl/ordered-map@4.4.2': {}

  '@napi-rs/wasm-runtime@1.1.5(@emnapi/core@1.11.1)(@emnapi/runtime@1.11.1)':
    dependencies:
      '@emnapi/core': 1.11.1
      '@emnapi/runtime': 1.11.1
      '@tybys/wasm-util': 0.10.2
    optional: true

  '@oxc-project/types@0.137.0': {}

  '@oxfmt/binding-android-arm-eabi@0.72.0':
    optional: true

  '@oxfmt/binding-android-arm64@0.72.0':
    optional: true

  '@oxfmt/binding-darwin-arm64@0.72.0':
    optional: true

  '@oxfmt/binding-darwin-x64@0.72.0':
    optional: true

  '@oxfmt/binding-freebsd-x64@0.72.0':
    optional: true

  '@oxfmt/binding-linux-arm-gnueabihf@0.72.0':
    optional: true

  '@oxfmt/binding-linux-arm-musleabihf@0.72.0':
    optional: true

  '@oxfmt/binding-linux-arm64-gnu@0.72.0':
    optional: true

  '@oxfmt/binding-linux-arm64-musl@0.72.0':
    optional: true

  '@oxfmt/binding-linux-ppc64-gnu@0.72.0':
    optional: true

  '@oxfmt/binding-linux-riscv64-gnu@0.72.0':
    optional: true

  '@oxfmt/binding-linux-riscv64-musl@0.72.0':
    optional: true

  '@oxfmt/binding-linux-s390x-gnu@0.72.0':
    optional: true

  '@oxfmt/binding-linux-x64-gnu@0.72.0':
    optional: true

  '@oxfmt/binding-linux-x64-musl@0.72.0':
    optional: true

  '@oxfmt/binding-openharmony-arm64@0.72.0':
    optional: true

  '@oxfmt/binding-win32-arm64-msvc@0.72.0':
    optional: true

  '@oxfmt/binding-win32-ia32-msvc@0.72.0':
    optional: true

  '@oxfmt/binding-win32-x64-msvc@0.72.0':
    optional: true

  '@oxlint-tsgolint/darwin-arm64@7.0.2003':
    optional: true

  '@oxlint-tsgolint/darwin-x64@7.0.2003':
    optional: true

  '@oxlint-tsgolint/linux-arm64@7.0.2003':
    optional: true

  '@oxlint-tsgolint/linux-x64@7.0.2003':
    optional: true

  '@oxlint-tsgolint/win32-arm64@7.0.2003':
    optional: true

  '@oxlint-tsgolint/win32-x64@7.0.2003':
    optional: true

  '@oxlint/binding-android-arm-eabi@1.87.0':
    optional: true

  '@oxlint/binding-android-arm64@1.87.0':
    optional: true

  '@oxlint/binding-darwin-arm64@1.87.0':
    optional: true

  '@oxlint/binding-darwin-x64@1.87.0':
    optional: true

  '@oxlint/binding-freebsd-x64@1.87.0':
    optional: true

  '@oxlint/binding-linux-arm-gnueabihf@1.87.0':
    optional: true

  '@oxlint/binding-linux-arm-musleabihf@1.87.0':
    optional: true

  '@oxlint/binding-linux-arm64-gnu@1.87.0':
    optional: true

  '@oxlint/binding-linux-arm64-musl@1.87.0':
    optional: true

  '@oxlint/binding-linux-ppc64-gnu@1.87.0':
    optional: true

  '@oxlint/binding-linux-riscv64-gnu@1.87.0':
    optional: true

  '@oxlint/binding-linux-riscv64-musl@1.87.0':
    optional: true

  '@oxlint/binding-linux-s390x-gnu@1.87.0':
    optional: true

  '@oxlint/binding-linux-x64-gnu@1.87.0':
    optional: true

  '@oxlint/binding-linux-x64-musl@1.87.0':
    optional: true

  '@oxlint/binding-openharmony-arm64@1.87.0':
    optional: true

  '@oxlint/binding-win32-arm64-msvc@1.87.0':
    optional: true

  '@oxlint/binding-win32-ia32-msvc@1.87.0':
    optional: true

  '@oxlint/binding-win32-x64-msvc@1.87.0':
    optional: true

  '@paperback/runtime-polyfills@1.0.0-alpha.92':
    dependencies:
      entities: 8.0.0
      user-agents: 2.1.99

  '@paperback/toolchain@1.0.0-alpha.92':
    dependencies:
      '@grpc/grpc-js': 1.14.4
      '@paperback/runtime-polyfills': 1.0.0-alpha.92
      '@paperback/types': 1.0.0-alpha.92
      '@protobuf-ts/plugin': 2.11.1
      '@stricli/auto-complete': 1.2.8
      '@stricli/core': 1.2.8
      buffer: 6.0.3
      chai: 6.2.2
      listr2: 10.2.1
      picocolors: 1.1.1
      rolldown: 1.1.2
    transitivePeerDependencies:
      - supports-color

  '@paperback/types@1.0.0-alpha.92':
    dependencies:
      chai: 6.2.2

  '@protobuf-ts/plugin@2.11.1':
    dependencies:
      '@bufbuild/protobuf': 2.12.1
      '@bufbuild/protoplugin': 2.12.1
      '@protobuf-ts/protoc': 2.11.1
      '@protobuf-ts/runtime': 2.11.1
      '@protobuf-ts/runtime-rpc': 2.11.1
      typescript: 3.9.10
    transitivePeerDependencies:
      - supports-color

  '@protobuf-ts/protoc@2.11.1': {}

  '@protobuf-ts/runtime-rpc@2.11.1':
    dependencies:
      '@protobuf-ts/runtime': 2.11.1

  '@protobuf-ts/runtime@2.11.1': {}

  '@protobufjs/aspromise@1.1.2': {}

  '@protobufjs/base64@1.1.2': {}

  '@protobufjs/codegen@2.0.5': {}

  '@protobufjs/eventemitter@1.1.1': {}

  '@protobufjs/fetch@1.1.1':
    dependencies:
      '@protobufjs/aspromise': 1.1.2

  '@protobufjs/float@1.0.2': {}

  '@protobufjs/path@1.1.2': {}

  '@protobufjs/pool@1.1.0': {}

  '@protobufjs/utf8@1.1.1': {}

  '@rolldown/binding-android-arm64@1.1.2':
    optional: true

  '@rolldown/binding-darwin-arm64@1.1.2':
    optional: true

  '@rolldown/binding-darwin-x64@1.1.2':
    optional: true

  '@rolldown/binding-freebsd-x64@1.1.2':
    optional: true

  '@rolldown/binding-linux-arm-gnueabihf@1.1.2':
    optional: true

  '@rolldown/binding-linux-arm64-gnu@1.1.2':
    optional: true

  '@rolldown/binding-linux-arm64-musl@1.1.2':
    optional: true

  '@rolldown/binding-linux-ppc64-gnu@1.1.2':
    optional: true

  '@rolldown/binding-linux-s390x-gnu@1.1.2':
    optional: true

  '@rolldown/binding-linux-x64-gnu@1.1.2':
    optional: true

  '@rolldown/binding-linux-x64-musl@1.1.2':
    optional: true

  '@rolldown/binding-openharmony-arm64@1.1.2':
    optional: true

  '@rolldown/binding-wasm32-wasi@1.1.2':
    dependencies:
      '@emnapi/core': 1.11.1
      '@emnapi/runtime': 1.11.1
      '@napi-rs/wasm-runtime': 1.1.5(@emnapi/core@1.11.1)(@emnapi/runtime@1.11.1)
    optional: true

  '@rolldown/binding-win32-arm64-msvc@1.1.2':
    optional: true

  '@rolldown/binding-win32-x64-msvc@1.1.2':
    optional: true

  '@rolldown/pluginutils@1.0.1': {}

  '@stricli/auto-complete@1.2.8':
    dependencies:
      '@stricli/core': 1.2.8

  '@stricli/core@1.2.8': {}

  '@tybys/wasm-util@0.10.2':
    dependencies:
      tslib: 2.8.1
    optional: true

  '@types/node@26.0.0':
    dependencies:
      undici-types: 8.3.0

  '@typescript/vfs@1.6.4(typescript@5.4.5)':
    dependencies:
      debug: 4.4.3
      typescript: 5.4.5
    transitivePeerDependencies:
      - supports-color

  ansi-escapes@7.3.0:
    dependencies:
      environment: 1.1.0

  ansi-regex@5.0.1: {}

  ansi-regex@6.2.2: {}

  ansi-styles@4.3.0:
    dependencies:
      color-convert: 2.0.1

  ansi-styles@6.2.3: {}

  base64-js@1.5.1: {}

  buffer@6.0.3:
    dependencies:
      base64-js: 1.5.1
      ieee754: 1.2.1

  chai@6.2.2: {}

  cli-cursor@5.0.0:
    dependencies:
      restore-cursor: 5.1.0

  cli-truncate@5.2.0:
    dependencies:
      slice-ansi: 8.0.0
      string-width: 8.2.1

  cliui@8.0.1:
    dependencies:
      string-width: 4.2.3
      strip-ansi: 6.0.1
      wrap-ansi: 7.0.0

  color-convert@2.0.1:
    dependencies:
      color-name: 1.1.4

  color-name@1.1.4: {}

  debug@4.4.3:
    dependencies:
      ms: 2.1.3

  emoji-regex@10.6.0: {}

  emoji-regex@8.0.0: {}

  entities@8.0.0: {}

  environment@1.1.0: {}

  escalade@3.2.0: {}

  eventemitter3@5.0.4: {}

  get-caller-file@2.0.5: {}

  get-east-asian-width@1.6.0: {}

  gql.tada@1.11.4(graphql@17.0.2)(typescript@6.0.3):
    dependencies:
      '@0no-co/graphql.web': 1.3.4(graphql@17.0.2)
      '@0no-co/graphqlsp': 1.17.5(graphql@17.0.2)(typescript@6.0.3)
      '@gql.tada/cli-utils': 1.9.4(@0no-co/graphqlsp@1.17.5(graphql@17.0.2)(typescript@6.0.3))(graphql@17.0.2)(typescript@6.0.3)
      '@gql.tada/internal': 1.2.2(graphql@17.0.2)(typescript@6.0.3)
      typescript: 6.0.3
    transitivePeerDependencies:
      - '@gql.tada/svelte-support'
      - '@gql.tada/vue-support'
      - graphql

  graphql@17.0.2: {}

  husky@9.1.7: {}

  ieee754@1.2.1: {}

  is-fullwidth-code-point@3.0.0: {}

  is-fullwidth-code-point@5.1.0:
    dependencies:
      get-east-asian-width: 1.6.0

  listr2@10.2.1:
    dependencies:
      cli-truncate: 5.2.0
      eventemitter3: 5.0.4
      log-update: 6.1.0
      rfdc: 1.4.1
      wrap-ansi: 10.0.0

  lodash.camelcase@4.3.0: {}

  log-update@6.1.0:
    dependencies:
      ansi-escapes: 7.3.0
      cli-cursor: 5.0.0
      slice-ansi: 7.1.2
      strip-ansi: 7.2.0
      wrap-ansi: 9.0.2

  long@5.3.2: {}

  mimic-function@5.0.1: {}

  ms@2.1.3: {}

  onetime@7.0.0:
    dependencies:
      mimic-function: 5.0.1

  oxfmt@0.72.0:
    dependencies:
      tinypool: 2.2.0
    optionalDependencies:
      '@oxfmt/binding-android-arm-eabi': 0.72.0
      '@oxfmt/binding-android-arm64': 0.72.0
      '@oxfmt/binding-darwin-arm64': 0.72.0
      '@oxfmt/binding-darwin-x64': 0.72.0
      '@oxfmt/binding-freebsd-x64': 0.72.0
      '@oxfmt/binding-linux-arm-gnueabihf': 0.72.0
      '@oxfmt/binding-linux-arm-musleabihf': 0.72.0
      '@oxfmt/binding-linux-arm64-gnu': 0.72.0
      '@oxfmt/binding-linux-arm64-musl': 0.72.0
      '@oxfmt/binding-linux-ppc64-gnu': 0.72.0
      '@oxfmt/binding-linux-riscv64-gnu': 0.72.0
      '@oxfmt/binding-linux-riscv64-musl': 0.72.0
      '@oxfmt/binding-linux-s390x-gnu': 0.72.0
      '@oxfmt/binding-linux-x64-gnu': 0.72.0
      '@oxfmt/binding-linux-x64-musl': 0.72.0
      '@oxfmt/binding-openharmony-arm64': 0.72.0
      '@oxfmt/binding-win32-arm64-msvc': 0.72.0
      '@oxfmt/binding-win32-ia32-msvc': 0.72.0
      '@oxfmt/binding-win32-x64-msvc': 0.72.0

  oxlint-tsgolint@7.0.2003:
    optionalDependencies:
      '@oxlint-tsgolint/darwin-arm64': 7.0.2003
      '@oxlint-tsgolint/darwin-x64': 7.0.2003
      '@oxlint-tsgolint/linux-arm64': 7.0.2003
      '@oxlint-tsgolint/linux-x64': 7.0.2003
      '@oxlint-tsgolint/win32-arm64': 7.0.2003
      '@oxlint-tsgolint/win32-x64': 7.0.2003

  oxlint@1.87.0(oxlint-tsgolint@7.0.2003):
    optionalDependencies:
      '@oxlint/binding-android-arm-eabi': 1.87.0
      '@oxlint/binding-android-arm64': 1.87.0
      '@oxlint/binding-darwin-arm64': 1.87.0
      '@oxlint/binding-darwin-x64': 1.87.0
      '@oxlint/binding-freebsd-x64': 1.87.0
      '@oxlint/binding-linux-arm-gnueabihf': 1.87.0
      '@oxlint/binding-linux-arm-musleabihf': 1.87.0
      '@oxlint/binding-linux-arm64-gnu': 1.87.0
      '@oxlint/binding-linux-arm64-musl': 1.87.0
      '@oxlint/binding-linux-ppc64-gnu': 1.87.0
      '@oxlint/binding-linux-riscv64-gnu': 1.87.0
      '@oxlint/binding-linux-riscv64-musl': 1.87.0
      '@oxlint/binding-linux-s390x-gnu': 1.87.0
      '@oxlint/binding-linux-x64-gnu': 1.87.0
      '@oxlint/binding-linux-x64-musl': 1.87.0
      '@oxlint/binding-openharmony-arm64': 1.87.0
      '@oxlint/binding-win32-arm64-msvc': 1.87.0
      '@oxlint/binding-win32-ia32-msvc': 1.87.0
      '@oxlint/binding-win32-x64-msvc': 1.87.0
      oxlint-tsgolint: 7.0.2003

  picocolors@1.1.1: {}

  protobufjs@7.6.4:
    dependencies:
      '@protobufjs/aspromise': 1.1.2
      '@protobufjs/base64': 1.1.2
      '@protobufjs/codegen': 2.0.5
      '@protobufjs/eventemitter': 1.1.1
      '@protobufjs/fetch': 1.1.1
      '@protobufjs/float': 1.0.2
      '@protobufjs/path': 1.1.2
      '@protobufjs/pool': 1.1.0
      '@protobufjs/utf8': 1.1.1
      '@types/node': 26.0.0
      long: 5.3.2

  require-directory@2.1.1: {}

  restore-cursor@5.1.0:
    dependencies:
      onetime: 7.0.0
      signal-exit: 4.1.0

  rfdc@1.4.1: {}

  rolldown@1.1.2:
    dependencies:
      '@oxc-project/types': 0.137.0
      '@rolldown/pluginutils': 1.0.1
    optionalDependencies:
      '@rolldown/binding-android-arm64': 1.1.2
      '@rolldown/binding-darwin-arm64': 1.1.2
      '@rolldown/binding-darwin-x64': 1.1.2
      '@rolldown/binding-freebsd-x64': 1.1.2
      '@rolldown/binding-linux-arm-gnueabihf': 1.1.2
      '@rolldown/binding-linux-arm64-gnu': 1.1.2
      '@rolldown/binding-linux-arm64-musl': 1.1.2
      '@rolldown/binding-linux-ppc64-gnu': 1.1.2
      '@rolldown/binding-linux-s390x-gnu': 1.1.2
      '@rolldown/binding-linux-x64-gnu': 1.1.2
      '@rolldown/binding-linux-x64-musl': 1.1.2
      '@rolldown/binding-openharmony-arm64': 1.1.2
      '@rolldown/binding-wasm32-wasi': 1.1.2
      '@rolldown/binding-win32-arm64-msvc': 1.1.2
      '@rolldown/binding-win32-x64-msvc': 1.1.2

  signal-exit@4.1.0: {}

  slice-ansi@7.1.2:
    dependencies:
      ansi-styles: 6.2.3
      is-fullwidth-code-point: 5.1.0

  slice-ansi@8.0.0:
    dependencies:
      ansi-styles: 6.2.3
      is-fullwidth-code-point: 5.1.0

  string-width@4.2.3:
    dependencies:
      emoji-regex: 8.0.0
      is-fullwidth-code-point: 3.0.0
      strip-ansi: 6.0.1

  string-width@7.2.0:
    dependencies:
      emoji-regex: 10.6.0
      get-east-asian-width: 1.6.0
      strip-ansi: 7.2.0

  string-width@8.2.1:
    dependencies:
      get-east-asian-width: 1.6.0
      strip-ansi: 7.2.0

  strip-ansi@6.0.1:
    dependencies:
      ansi-regex: 5.0.1

  strip-ansi@7.2.0:
    dependencies:
      ansi-regex: 6.2.2

  tinypool@2.2.0: {}

  tslib@2.8.1:
    optional: true

  typescript@3.9.10: {}

  typescript@5.4.5: {}

  typescript@6.0.3: {}

  undici-types@8.3.0: {}

  user-agents@2.1.99: {}

  wrap-ansi@10.0.0:
    dependencies:
      ansi-styles: 6.2.3
      string-width: 8.2.1
      strip-ansi: 7.2.0

  wrap-ansi@7.0.0:
    dependencies:
      ansi-styles: 4.3.0
      string-width: 4.2.3
      strip-ansi: 6.0.1

  wrap-ansi@9.0.2:
    dependencies:
      ansi-styles: 6.2.3
      string-width: 7.2.0
      strip-ansi: 7.2.0

  y18n@5.0.8: {}

  yargs-parser@21.1.1: {}

  yargs@17.7.3:
    dependencies:
      cliui: 8.0.1
      escalade: 3.2.0
      get-caller-file: 2.0.5
      require-directory: 2.1.1
      string-width: 4.2.3
      y18n: 5.0.8
      yargs-parser: 21.1.1
