lockfileVersion: '9.0'

settings:
  autoInstallPeers: true
  excludeLinksFromLockfile: false

importers:

  .:
    dependencies:
      gql.tada:
        specifier: ^1.11.1
        version: 1.11.1(graphql@16.14.2)(typescript@6.0.3)
      graphql:
        specifier: ^16.14.2
        version: 16.14.2
    devDependencies:
      '@paperback/toolchain':
        specifier: 1.0.0-alpha.92
        version: 1.0.0-alpha.92
      '@paperback/types':
        specifier: 1.0.0-alpha.92
        version: 1.0.0-alpha.92
      husky:
        specifier: ^9.1.7
        version: 9.1.7
      oxfmt:
        specifier: ^0.47.0
        version: 0.47.0
      oxlint:
        specifier: ^1.70.0
        version: 1.70.0(oxlint-tsgolint@0.22.1)
      oxlint-tsgolint:
        specifier: ^0.22.1
        version: 0.22.1
      typescript:
        specifier: ^6.0.3
        version: 6.0.3

packages:

  '@0no-co/graphql.web@1.3.2':
    resolution: {integrity: sha512-Q1+pRlLhE31GOY/2c9BAEnFTNxO7Awtc6fhhEDlxyCBQ2N0IhD32cPVvPChrK9mwBNSgRdW/sF1kd2e0ojHj1Q==}
    peerDependencies:
      graphql: ^14.0.0 || ^15.0.0 || ^16.0.0
    peerDependenciesMeta:
      graphql:
        optional: true

  '@0no-co/graphqlsp@1.17.2':
    resolution: {integrity: sha512-b3Et0xpXj6H8gYraDUd/hVpY0+WnkAS4cwf4fjnvWGlZhVI2Tt2EXl6lhYx+aprUM7oQ7s7Z6JfjPzBkPpj6jQ==}
    peerDependencies:
      graphql: ^15.5.0 || ^16.0.0 || ^17.0.0
      typescript: ^5.0.0 || ^6.0.0

  '@bufbuild/protobuf@2.12.0':
    resolution: {integrity: sha512-B/XlCaFIP8LOwzo+bz5uFzATYokcwCKQcghqnlfwSmM5eX/qTkvDBnDPs+gXtX/RyjxJ4DRikECcPJbyALA8FA==}

  '@bufbuild/protoplugin@2.12.0':
    resolution: {integrity: sha512-ORlDITp8AFUXzIhLRoMCG+ud+D3MPKWb5HQXBoskMMnjeyEjE1H1qLonVNPyOr8lkx3xSfYUo8a0dvOZJVAzow==}

  '@emnapi/core@1.11.0':
    resolution: {integrity: sha512-l9Oo58x0HOP5znGzVhYW9U3e5wVuA4LAZU2AGezTmkhO1CgQRFDhDg4nneHsu/t3WniXg9QrG2nIXL/ZS8ln8Q==}

  '@emnapi/runtime@1.11.0':
    resolution: {integrity: sha512-55coeOFKHv1ywEcUXJtWU5f+Jr/W5tZDvZig8DLKSwUN1JpROQ4rk/SNOQiFWmaR/VKF4zuFyW1B8JduOSv6Pg==}

  '@emnapi/wasi-threads@1.2.2':
    resolution: {integrity: sha512-c95qOXkHdydNKhscBTebqEC1CVAZpyqOfVfBzQ1qgzyl3gfeldUjIggDbIZgDKsHLgnsM+igH7TJ/eAasaVuMA==}

  '@gql.tada/cli-utils@1.9.1':
    resolution: {integrity: sha512-PTWdrcnLOKQ3cOLrYOBF/QwzKnjE037jq4CibxB5IV/Pi+Vjr8YhL5W210gkpfdCOJ/YM1lM3Q6jusmzC6z4Vw==}
    peerDependencies:
      '@0no-co/graphqlsp': ^1.16.0
      '@gql.tada/svelte-support': 1.0.3
      '@gql.tada/vue-support': 1.0.3
      graphql: ^15.5.0 || ^16.0.0 || ^17.0.0
      typescript: ^5.0.0 || ^6.0.0 || ^7.0.0 || ^8.0.0
    peerDependenciesMeta:
      '@gql.tada/svelte-support':
        optional: true
      '@gql.tada/vue-support':
        optional: true

  '@gql.tada/internal@1.2.0':
    resolution: {integrity: sha512-mbrWlSLNMCMuP7uGFm4EGFJ0oU1XqzUqykAqQ4emVLUvuERKB6Vhb3KoWdSqSCCBKm7G3WcYCYgFbaMUUMNshw==}
    peerDependencies:
      graphql: ^15.5.0 || ^16.0.0 || ^17.0.0
      typescript: ^5.0.0 || ^6.0.0 || ^7.0.0 || ^8.0.0

  '@grpc/grpc-js@1.14.4':
    resolution: {integrity: sha512-k9Dj3DV/itK9D06Y8f190Qgop7/Ui+D0njFV3LHMPwPT75DpXLQohE9Wmz0QElrJnzsjB7KPWiKJbOl7IPDArQ==}
    engines: {node: '>=12.10.0'}

  '@grpc/proto-loader@0.8.1':
    resolution: {integrity: sha512-wtF6h+DY6M3YaDBPAmvuuA6jV8Sif9MjtOI5euKFWRgCDl5PeDpPsHR9u2l6St5ceY8AZgoNDww5+HvEsXFsGg==}
    engines: {node: '>=6'}
    hasBin: true

  '@js-sdsl/ordered-map@4.4.2':
    resolution: {integrity: sha512-iUKgm52T8HOE/makSxjqoWhe95ZJA1/G1sYsGev2JDKUSS14KAgg1LHb+Ba+IPow0xflbnSkOsZcO08C7w1gYw==}

  '@napi-rs/wasm-runtime@1.1.5':
    resolution: {integrity: sha512-AWPoBRJ9tsnVhor4sjO7rkni+7p+2IAEFj6cx06UgP10jkQHqay/36uRV/bFkgrh18D9vb4cr8Q0Pthskgzy+Q==}
    peerDependencies:
      '@emnapi/core': ^1.7.1
      '@emnapi/runtime': ^1.7.1

  '@oxc-project/types@0.135.0':
    resolution: {integrity: sha512-wR+xRdFkUBMvcAjBJ2q2kcZM6d+DKu2NgoOyxZgYwZdLhmiv6+rnO8PZ/P68kMiZtIKm+pW7zyEJ4kSOs0vo+Q==}

  '@oxfmt/binding-android-arm-eabi@0.47.0':
    resolution: {integrity: sha512-KrMQRdMi/upr81qT4ijK6X6BNp6jqpMY7FwILQnwIy9QLc3qpnhUx5rsCLGzn4ewsCQ0CNAspN2ogmP1GXLyLw==}
    engines: {node: ^20.19.0 || >=22.12.0}
    cpu: [arm]
    os: [android]

  '@oxfmt/binding-android-arm64@0.47.0':
    resolution: {integrity: sha512-r4ixS/PeUpAFKgrpDoZ5pSkthjZzVzKd95525Aazj+aOv9H4ulK5zYHGb7wFY5n5kZxHK8TbOJUZgoEb1ohddQ==}
    engines: {node: ^20.19.0 || >=22.12.0}
    cpu: [arm64]
    os: [android]

  '@oxfmt/binding-darwin-arm64@0.47.0':
    resolution: {integrity: sha512-CLWxiKpMl+195cm09CuaWEhJK0CirRkoMa07aR9+9AFPat2LfIKtwx1JqxZM0MTvcMe6+adlJNdVL6jdInvq3g==}
    engines: {node: ^20.19.0 || >=22.12.0}
    cpu: [arm64]
    os: [darwin]

  '@oxfmt/binding-darwin-x64@0.47.0':
    resolution: {integrity: sha512-Xq5fjTYDC50faUeLSm0rZdBqoTgleXEdD7NpJdARtQIczkCJn3xNjMUSQQkUmh4CtxkKTNL68lytcOK3e/osgg==}
    engines: {node: ^20.19.0 || >=22.12.0}
    cpu: [x64]
    os: [darwin]

  '@oxfmt/binding-freebsd-x64@0.47.0':
    resolution: {integrity: sha512-QOU9ZIJ52p5askcEC0QJvvr8trHAWoonul8bgISo6gYUL3s50zkqafBYcNAr9LJZQbsZtPfIWHk9+5+nUp1qJQ==}
    engines: {node: ^20.19.0 || >=22.12.0}
    cpu: [x64]
    os: [freebsd]

  '@oxfmt/binding-linux-arm-gnueabihf@0.47.0':
    resolution: {integrity: sha512-oJxDM1aBhPvz9gmElBv8UpxyiqhwfjcbrSxT5F0xtuUzY6dQI27/AQPIt3eu3Z5Yvn0kQl5R7MA3Z+MbnRvCBw==}
    engines: {node: ^20.19.0 || >=22.12.0}
    cpu: [arm]
    os: [linux]

  '@oxfmt/binding-linux-arm-musleabihf@0.47.0':
    resolution: {integrity: sha512-g8Lh50VS4ibGz2q6v7r9UZY4D0dM16SdrFYOMzhqIoCwGcai8VMIRUAcqn1/jlCsOOzUXJ741+kCeJt0cofakQ==}
    engines: {node: ^20.19.0 || >=22.12.0}
    cpu: [arm]
    os: [linux]

  '@oxfmt/binding-linux-arm64-gnu@0.47.0':
    resolution: {integrity: sha512-YrNT1vQ0asaXoRbrvYENPqmBfOQ9Xr8enPNOULeYfg44VjCcrUowFy5QZr+WawE0zyP8cH9e9Gxxg0fDEFzhcg==}
    engines: {node: ^20.19.0 || >=22.12.0}
    cpu: [arm64]
    os: [linux]

  '@oxfmt/binding-linux-arm64-musl@0.47.0':
    resolution: {integrity: sha512-IxtQC/sbBi4ubbY+MdwdanRWrG9InQJVZqyMsBa5IUaQcnSg86gQme574HxXMC1p4bo4YhV99zQ+wNnGCvEgzw==}
    engines: {node: ^20.19.0 || >=22.12.0}
    cpu: [arm64]
    os: [linux]

  '@oxfmt/binding-linux-ppc64-gnu@0.47.0':
    resolution: {integrity: sha512-EWXEhOMbWO0q6eJSbu0QLkU8cKi0ljlYLngeDs2Ocu/pm1rrLwyQiYzlFbdnMRURI4w9ndr1sI9rSbhlJ5o23Q==}
    engines: {node: ^20.19.0 || >=22.12.0}
    cpu: [ppc64]
    os: [linux]

  '@oxfmt/binding-linux-riscv64-gnu@0.47.0':
    resolution: {integrity: sha512-tZrjS11TUiDuEpRaqdk8K9F9xETRyKXfuZKmdeW+Gj7coBnm7+8sBEfyt033EAFEQSlkniAXvBLh+Qja2ioGBQ==}
    engines: {node: ^20.19.0 || >=22.12.0}
    cpu: [riscv64]
    os: [linux]

  '@oxfmt/binding-linux-riscv64-musl@0.47.0':
    resolution: {integrity: sha512-KBFy+2CFKUCZzYwX2ZOPQKck1vjQbz+hextuc19G4r0WRJwadfAeuQMQRQvB+Ivc8brlbOVg7et8K7E467440g==}
    engines: {node: ^20.19.0 || >=22.12.0}
    cpu: [riscv64]
    os: [linux]

  '@oxfmt/binding-linux-s390x-gnu@0.47.0':
    resolution: {integrity: sha512-REUPFKVGSiK99B+9eaPhluEVglzaoj/SMykNC5SUiV2RSsBfV5lWN7Y0iCIc251Wz3GaeAGZsJ/zj3gjarxdFg==}
    engines: {node: ^20.19.0 || >=22.12.0}
    cpu: [s390x]
    os: [linux]

  '@oxfmt/binding-linux-x64-gnu@0.47.0':
    resolution: {integrity: sha512-KVftVSVEDeIfRW3TIeLe3aNI/iY4m1fu5mDwHcisKMZSCMKLkrhFsjowC7o9RoqNPxbbglm2+/6KAKBIts2t0Q==}
    engines: {node: ^20.19.0 || >=22.12.0}
    cpu: [x64]
    os: [linux]

  '@oxfmt/binding-linux-x64-musl@0.47.0':
    resolution: {integrity: sha512-DTsmGEaA2860Aq5VUyDO8/MT9NFxwVL93RnRYmpMwK6DsSkThmvEpqoUDDljziEpAedMRG19SCogrNbINSbLUQ==}
    engines: {node: ^20.19.0 || >=22.12.0}
    cpu: [x64]
    os: [linux]

  '@oxfmt/binding-openharmony-arm64@0.47.0':
    resolution: {integrity: sha512-8r5BDro7fLOBoq1JXHLVSs55OlrxQhEso4HVo0TcY7OXJUPYfjPoOaYL5us+yIwqyP9rQwN+rxuiNFSmaxSuOQ==}
    engines: {node: ^20.19.0 || >=22.12.0}
    cpu: [arm64]
    os: [openharmony]

  '@oxfmt/binding-win32-arm64-msvc@0.47.0':
    resolution: {integrity: sha512-qtz/gzm8IjSPUlseZ0ofW8zyHLoZsuP5HTfcGGkWkUblB89JT8GNYH3ICqjbDsqsGqXum0/ZndXTFplSdXFIcg==}
    engines: {node: ^20.19.0 || >=22.12.0}
    cpu: [arm64]
    os: [win32]

  '@oxfmt/binding-win32-ia32-msvc@0.47.0':
    resolution: {integrity: sha512-5vIcdcIDE7nCx+MXN6sm8kbC4zajDB31E86rez4i45iHNH/2NjdKlJ720xcHTr3eeiMcttCGPHPhE1TjtBDGZw==}
    engines: {node: ^20.19.0 || >=22.12.0}
    cpu: [ia32]
    os: [win32]

  '@oxfmt/binding-win32-x64-msvc@0.47.0':
    resolution: {integrity: sha512-Sr59Y5ms54ONBjxFeWhVlGyQcHXxcl9DxC23f6yXlRkcos7LXBLoO+KDfxexjHIOZh7cWqrWduzvUjJ+pHp8cQ==}
    engines: {node: ^20.19.0 || >=22.12.0}
    cpu: [x64]
    os: [win32]

  '@oxlint-tsgolint/darwin-arm64@0.22.1':
    resolution: {integrity: sha512-4150Lpgc1YM09GcjA6GSrra1JoPjC7aOpfywLjWEY4vW0Sd1qKzqHF1WRaiw0/qUZ40OATYdv3aRd7ipPkWQbw==}
    cpu: [arm64]
    os: [darwin]

  '@oxlint-tsgolint/darwin-x64@0.22.1':
    resolution: {integrity: sha512-vFWcPWYOgZs4HWcgS1EjUZg33NLcNfEYU49KGImmCfZWkflENrmBYV4HN/C0YeAPum6ZZ/goPSvQrB/cOD+NfA==}
    cpu: [x64]
    os: [darwin]

  '@oxlint-tsgolint/linux-arm64@0.22.1':
    resolution: {integrity: sha512-6LiUpP0Zir3+29FvBm7Y28q/dBjSHqTZ5MhG1Ckw4fGhI4cAvbcwXaKvbjx1TP7rRmBNOoq/M5xdpHjTb+GAew==}
    cpu: [arm64]
    os: [linux]

  '@oxlint-tsgolint/linux-x64@0.22.1':
    resolution: {integrity: sha512-fuX1hEQfpHauUbXADsfqVhRzrUrGabzGXbj5wsp2vKhV5uk/Rze8Mba9GdjFGECzvXudMGqHqxB4r6jGRdhxVA==}
    cpu: [x64]
    os: [linux]

  '@oxlint-tsgolint/win32-arm64@0.22.1':
    resolution: {integrity: sha512-8SZidAj+jrbZf9ZjBEYW0tiNZ+KasqB2zgW26qdiPpQSF/DzURnPmXz651IeA9YsmbVdHGIooEHUmev6QJdquA==}
    cpu: [arm64]
    os: [win32]

  '@oxlint-tsgolint/win32-x64@0.22.1':
    resolution: {integrity: sha512-QweSk9H5lFh5Y+WUf2Kq/OAN88V6+62ZwGhP38gqdRotI90luXSMkruFTj7Q2rYrzH4ZVNaSqx7NY8JpSfIzqg==}
    cpu: [x64]
    os: [win32]

  '@oxlint/binding-android-arm-eabi@1.70.0':
    resolution: {integrity: sha512-zFh0P4cswmRvw6nkyb89dr18rRanuaCPAsEXsFDoQY8WdaquI8Pt4NWFjaMJg6L23cy5NeN8J9cBnREbWzZhaw==}
    engines: {node: ^20.19.0 || >=22.12.0}
    cpu: [arm]
    os: [android]

  '@oxlint/binding-android-arm64@1.70.0':
    resolution: {integrity: sha512-qI8o4HZjeGiBrWv+pJv4lH0Yi2Gl/JSp/EumBUApezJprIKa5PS4nU0lQsQngtky8k+SplQIOjv6hwu0SSxeyg==}
    engines: {node: ^20.19.0 || >=22.12.0}
    cpu: [arm64]
    os: [android]

  '@oxlint/binding-darwin-arm64@1.70.0':
    resolution: {integrity: sha512-8KjgVVHI5F9nVwHCRwwA78Ty7zNKP4Wd9OeN5PSv3iu/F/u1RVXoOCgLhWqust6HmwQG6xc8c+RCyaWENy24+w==}
    engines: {node: ^20.19.0 || >=22.12.0}
    cpu: [arm64]
    os: [darwin]

  '@oxlint/binding-darwin-x64@1.70.0':
    resolution: {integrity: sha512-WVydssv5PSUBXFJTdNBWlmGkbNmvPGaFt/2SUT/EZRB6bq6bEOHmMlbnupZD5jmlEvi9+mZJHi8TCw15lyfSfQ==}
    engines: {node: ^20.19.0 || >=22.12.0}
    cpu: [x64]
    os: [darwin]

  '@oxlint/binding-freebsd-x64@1.70.0':
    resolution: {integrity: sha512-hJucmUf8OlinHNb1R7fI4Fw6WsAstOz7i8nmkWQfiHoZXtbufNm+MxiDTIMk1ggh2Ro4vLzgQ+bKvRY54MZoRA==}
    engines: {node: ^20.19.0 || >=22.12.0}
    cpu: [x64]
    os: [freebsd]

  '@oxlint/binding-linux-arm-gnueabihf@1.70.0':
    resolution: {integrity: sha512-1BnS7wbCYDSXwWzJJ+mc3NURoha6m6m6RT5c6vgAY3oz7C3OVXP+S0awo2mRq97arrJkVvO3qRQfyAHL+76xtQ==}
    engines: {node: ^20.19.0 || >=22.12.0}
    cpu: [arm]
    os: [linux]

  '@oxlint/binding-linux-arm-musleabihf@1.70.0':
    resolution: {integrity: sha512-yKy/UdbR55+M2yEcuiV5DCNC/gdQAjr/GioUy50QwBzSrKm8ueWADqyRLS9Xk+qjNeCYGg6A8FvUBds56ttfqg==}
    engines: {node: ^20.19.0 || >=22.12.0}
    cpu: [arm]
    os: [linux]

  '@oxlint/binding-linux-arm64-gnu@1.70.0':
    resolution: {integrity: sha512-0A5XJ4alvmqFUFP/4oYSyaO+qLto/HrKEWTSaegiVl+HOufFngK2BjYw9x4RbwBt/du5QG6l5q1zeWiJYYG5yg==}
    engines: {node: ^20.19.0 || >=22.12.0}
    cpu: [arm64]
    os: [linux]

  '@oxlint/binding-linux-arm64-musl@1.70.0':
    resolution: {integrity: sha512-JiylyurlB0CLSedNtx1gzv3FvfWPF1h/2Y3BJszPLNt5XQFlBsH5ke0Jle3iJb3uqu5m2e7A/DwzpuCAHdiU+A==}
    engines: {node: ^20.19.0 || >=22.12.0}
    cpu: [arm64]
    os: [linux]

  '@oxlint/binding-linux-ppc64-gnu@1.70.0':
    resolution: {integrity: sha512-J8VPG7I3/HmgaU4u8pNU2kFx2+0U+vPLS1dXFxXOaR/2TQ0f8AC7DRz0SRGRI1bfphnX2hVYTTtLuhL4nYKL+Q==}
    engines: {node: ^20.19.0 || >=22.12.0}
    cpu: [ppc64]
    os: [linux]

  '@oxlint/binding-linux-riscv64-gnu@1.70.0':
    resolution: {integrity: sha512-N2+4lV2KLN+oXTIIIwmWDhwkrnvqf5oX7Hw0zPjk+RuIVgiBQSOlJWF7uQoFx2siEYX0ZQ5cfSbEAHm+J3t7Wg==}
    engines: {node: ^20.19.0 || >=22.12.0}
    cpu: [riscv64]
    os: [linux]

  '@oxlint/binding-linux-riscv64-musl@1.70.0':
    resolution: {integrity: sha512-1e2L7cFCvx9QDzq6NPP+0tABKb5z6nWHyddWTNKprEsjO9xNrAtPowuCGpjNXxkTdsMiZ4jc8YQ5SstZd4XK6g==}
    engines: {node: ^20.19.0 || >=22.12.0}
    cpu: [riscv64]
    os: [linux]

  '@oxlint/binding-linux-s390x-gnu@1.70.0':
    resolution: {integrity: sha512-Kwu/l/8GcYibCWA9m9N5pRXMIKVSsL/YbgpLzYkqDhWTiqdRfnNJ/+nqIKRKQiFbHWsdlHEhzMwruJK+qcEruA==}
    engines: {node: ^20.19.0 || >=22.12.0}
    cpu: [s390x]
    os: [linux]

  '@oxlint/binding-linux-x64-gnu@1.70.0':
    resolution: {integrity: sha512-tap04CsHYOl0nSAQJfPNIuBxqEPB2HnhQqwaOXLg1jnp2XfRo8Fa814dA4QC4zpvTWXCjAAaCY1W5LOORkEQuQ==}
    engines: {node: ^20.19.0 || >=22.12.0}
    cpu: [x64]
    os: [linux]

  '@oxlint/binding-linux-x64-musl@1.70.0':
    resolution: {integrity: sha512-hzJa/WgvtJpbBD9rgfy0qe+MjbxOXNUT0bfR1S6EQQzfTtBFA9xg5q8KSwRrQ2QfSS+TaP4j+4mVPQrfNc6UNg==}
    engines: {node: ^20.19.0 || >=22.12.0}
    cpu: [x64]
    os: [linux]

  '@oxlint/binding-openharmony-arm64@1.70.0':
    resolution: {integrity: sha512-xbsaNSNzVSnaJACCUYr1HQMyY/Q/Q1LkePmHG3UvZPvGCYGNxrsZp9OmtA6ick8xH47ltRRbRrPCM1YXYcyC+A==}
    engines: {node: ^20.19.0 || >=22.12.0}
    cpu: [arm64]
    os: [openharmony]

  '@oxlint/binding-win32-arm64-msvc@1.70.0':
    resolution: {integrity: sha512-icAEsUI7JbW1TMRdEXV83mVAInhRVQYuuAlPpxdGwJ95chNdnCzjloRW8GglT0WvzOEZSio6fnYSk2DJ2Hv7LQ==}
    engines: {node: ^20.19.0 || >=22.12.0}
    cpu: [arm64]
    os: [win32]

  '@oxlint/binding-win32-ia32-msvc@1.70.0':
    resolution: {integrity: sha512-FHMSWbVsPVs/f+Jcl04ws4JJ2wUnauyTzlpxWRG/lSO/8GpX08Fo2gQZqdA6CrRFI+zvkxl+N/KwJGWfUwYVZA==}
    engines: {node: ^20.19.0 || >=22.12.0}
    cpu: [ia32]
    os: [win32]

  '@oxlint/binding-win32-x64-msvc@1.70.0':
    resolution: {integrity: sha512-ptOlKwCz7n4AKs5VweMqG6DAg677FmKOK+vBkkL9DMNgFATIQ+upqUYBTOEwRQyRAx1ncGlPlXleV2hIcm3z4g==}
    engines: {node: ^20.19.0 || >=22.12.0}
    cpu: [x64]
    os: [win32]

  '@paperback/runtime-polyfills@1.0.0-alpha.92':
    resolution: {integrity: sha512-wfGpKBV5C88NgZpZoo5/aeHhHlmG16sLa9oIJCxPmY/5vrxg35GDaPwrKt/g81PakmlaJbcOgSErgbwEiCtD3g==}

  '@paperback/toolchain@1.0.0-alpha.92':
    resolution: {integrity: sha512-r6/XMsrilFMOmn+2vHBysbVUfNyVrGY7spcTlYOkmb44BtKZoKl5KGFo4ZiTVc/Hn9QzKH2Muzva88wAKihsyw==}
    engines: {node: '>=24'}
    hasBin: true

  '@paperback/types@1.0.0-alpha.92':
    resolution: {integrity: sha512-A1v/D1YrFE3SjeJRCB1Cg+HoB/7VZ2D2ZW/0Ub+6mNfxPFehHqQgfIKoj7W1RIcU6IrFBUfieq56MJzo3XdDSg==}

  '@protobuf-ts/plugin@2.11.1':
    resolution: {integrity: sha512-HyuprDcw0bEEJqkOWe1rnXUP0gwYLij8YhPuZyZk6cJbIgc/Q0IFgoHQxOXNIXAcXM4Sbehh6kjVnCzasElw1A==}
    hasBin: true

  '@protobuf-ts/protoc@2.11.1':
    resolution: {integrity: sha512-mUZJaV0daGO6HUX90o/atzQ6A7bbN2RSuHtdwo8SSF2Qoe3zHwa4IHyCN1evftTeHfLmdz+45qo47sL+5P8nyg==}
    hasBin: true

  '@protobuf-ts/runtime-rpc@2.11.1':
    resolution: {integrity: sha512-4CqqUmNA+/uMz00+d3CYKgElXO9VrEbucjnBFEjqI4GuDrEQ32MaI3q+9qPBvIGOlL4PmHXrzM32vBPWRhQKWQ==}

  '@protobuf-ts/runtime@2.11.1':
    resolution: {integrity: sha512-KuDaT1IfHkugM2pyz+FwiY80ejWrkH1pAtOBOZFuR6SXEFTsnb/jiQWQ1rCIrcKx2BtyxnxW6BWwsVSA/Ie+WQ==}

  '@protobufjs/aspromise@1.1.2':
    resolution: {integrity: sha512-j+gKExEuLmKwvz3OgROXtrJ2UG2x8Ch2YZUxahh+s1F2HZ+wAceUNLkvy6zKCPVRkU++ZWQrdxsUeQXmcg4uoQ==}

  '@protobufjs/base64@1.1.2':
    resolution: {integrity: sha512-AZkcAA5vnN/v4PDqKyMR5lx7hZttPDgClv83E//FMNhR2TMcLUhfRUBHCmSl0oi9zMgDDqRUJkSxO3wm85+XLg==}

  '@protobufjs/codegen@2.0.5':
    resolution: {integrity: sha512-zgXFLzW3Ap33e6d0Wlj4MGIm6Ce8O89n/apUaGNB/jx+hw+ruWEp7EwGUshdLKVRCxZW12fp9r40E1mQrf/34g==}

  '@protobufjs/eventemitter@1.1.1':
    resolution: {integrity: sha512-vW1GmwMZNnL+gMRaovlh9yZX74kc+TTU3FObkkurpMaRtBfLP3ldjS9KQWlwZgraRE0+dheEEoAxdzcJQ8eXZg==}

  '@protobufjs/fetch@1.1.1':
    resolution: {integrity: sha512-GpptLrs57adMSuHi3VNj0mAF8dwh36LMaYF6XyJ6JMWlVsc+t42tm1HSEDmOs3A8fC9yyeisgLhsTVQokOZ0zw==}

  '@protobufjs/float@1.0.2':
    resolution: {integrity: sha512-Ddb+kVXlXst9d+R9PfTIxh1EdNkgoRe5tOX6t01f1lYWOvJnSPDBlG241QLzcyPdoNTsblLUdujGSE4RzrTZGQ==}

  '@protobufjs/path@1.1.2':
    resolution: {integrity: sha512-6JOcJ5Tm08dOHAbdR3GrvP+yUUfkjG5ePsHYczMFLq3ZmMkAD98cDgcT2iA1lJ9NVwFd4tH/iSSoe44YWkltEA==}

  '@protobufjs/pool@1.1.0':
    resolution: {integrity: sha512-0kELaGSIDBKvcgS4zkjz1PeddatrjYcmMWOlAuAPwAeccUrPHdUqo/J6LiymHHEiJT5NrF1UVwxY14f+fy4WQw==}

  '@protobufjs/utf8@1.1.1':
    resolution: {integrity: sha512-oOAWABowe8EAbMyWKM0tYDKi8Yaox52D+HWZhAIJqQXbqe0xI/GV7FhLWqlEKreMkfDjshR5FKgi3mnle0h6Eg==}

  '@rolldown/binding-android-arm64@1.1.1':
    resolution: {integrity: sha512-BLf9Wak/gfwVb7NQTQW4wBgL3oAfPy7ArEkhwV543OVw/uY6B47z5xYsqPSZ9PDOorvURPinws6ThaFuNgGLgA==}
    engines: {node: ^20.19.0 || >=22.12.0}
    cpu: [arm64]
    os: [android]

  '@rolldown/binding-darwin-arm64@1.1.1':
    resolution: {integrity: sha512-rRZRPy/Ynb+Mxu0O6tfPldHeDgAn0sRij+IOUy6sFdUlv3hArGW/DloE3GfAxtqpOJuRNgF74Nr5gM4xBeU2jQ==}
    engines: {node: ^20.19.0 || >=22.12.0}
    cpu: [arm64]
    os: [darwin]

  '@rolldown/binding-darwin-x64@1.1.1':
    resolution: {integrity: sha512-/MtefPxhKPyWWFM8L45OWiEqRf+eSU2Qv9ZAyTaoZOoGcoPKxbbhjTJO2/U2IThv0uDZ4NWHc3/oTsR6IEOtww==}
    engines: {node: ^20.19.0 || >=22.12.0}
    cpu: [x64]
    os: [darwin]

  '@rolldown/binding-freebsd-x64@1.1.1':
    resolution: {integrity: sha512-202K+cpIi1kx/Zn7AtxBi4LTXSY67Aszb2K9rNsuW7FeBeh0nqoNmYLOSZidV0p88VPBzMmTZcHAdPNo3kRYzQ==}
    engines: {node: ^20.19.0 || >=22.12.0}
    cpu: [x64]
    os: [freebsd]

  '@rolldown/binding-linux-arm-gnueabihf@1.1.1':
    resolution: {integrity: sha512-wl9NfeXNUwrXtUc063tddmZFUI6qiNs1CNOwni0OL4vC7MqVSYugra3ZgtDmtVy8e0DluJTENmzIv2BwqLzT4Q==}
    engines: {node: ^20.19.0 || >=22.12.0}
    cpu: [arm]
    os: [linux]

  '@rolldown/binding-linux-arm64-gnu@1.1.1':
    resolution: {integrity: sha512-at2EO4o7D/PJLC4Xik16bU4CcjQE2tSv1LfqMA0TRYQYQihRm3gZeDB8xaX28A9SFedibcAk5DeMCKt4REKG0A==}
    engines: {node: ^20.19.0 || >=22.12.0}
    cpu: [arm64]
    os: [linux]

  '@rolldown/binding-linux-arm64-musl@1.1.1':
    resolution: {integrity: sha512-5PUjZx366h9tkJTPJF5eibxOlK3sGoeRiBJLLjjEB5/kLDuhr6qB3LkhqLz1smXNgsX+pBhnbcJBrPE30HznAA==}
    engines: {node: ^20.19.0 || >=22.12.0}
    cpu: [arm64]
    os: [linux]

  '@rolldown/binding-linux-ppc64-gnu@1.1.1':
    resolution: {integrity: sha512-1WK84XPeio3tjP1sM/TMXiC0G1i1iq1qGZ71KfNQjEFLU1kwD+Cv5T8nGySg/JUFwLbaScu6ve9DmeXlmqpkFA==}
    engines: {node: ^20.19.0 || >=22.12.0}
    cpu: [ppc64]
    os: [linux]

  '@rolldown/binding-linux-s390x-gnu@1.1.1':
    resolution: {integrity: sha512-1nS1X5z1uMJ369RU25hTpKCFvUwXZp12dIzlzk4S+UxCTcSVGsAE6tzkOSufv/7jnmAtK0ZlrsJxh2fGmsnVSw==}
    engines: {node: ^20.19.0 || >=22.12.0}
    cpu: [s390x]
    os: [linux]

  '@rolldown/binding-linux-x64-gnu@1.1.1':
    resolution: {integrity: sha512-NwX/wspnq4vYyMFsqbYvzums3ki/Tk8FZbMzMAovPDp3OfLeYKby/D+9osokadXuYEV3OvpeHlwnr/bG8QMixA==}
    engines: {node: ^20.19.0 || >=22.12.0}
    cpu: [x64]
    os: [linux]

  '@rolldown/binding-linux-x64-musl@1.1.1':
    resolution: {integrity: sha512-+n46LhDrJFQM+229y4oXtVpj1G50U/+XuHMlpnisFTEXhrg9f/YIjp/HymX+PVJjBEr7XHRs3CFLelV464pqwA==}
    engines: {node: ^20.19.0 || >=22.12.0}
    cpu: [x64]
    os: [linux]

  '@rolldown/binding-openharmony-arm64@1.1.1':
    resolution: {integrity: sha512-qGwEu47zOWYo7LdRHhCWTNhzwGtxXpdY6CERs8QEOqC0PXGGics/e3vHnyEUKt8xK6YkbZXFUCeklrpB6js8ag==}
    engines: {node: ^20.19.0 || >=22.12.0}
    cpu: [arm64]
    os: [openharmony]

  '@rolldown/binding-wasm32-wasi@1.1.1':
    resolution: {integrity: sha512-qczfgEH8u0wHGGOXtA7UMAybNKuQjjEXairyQaw4WzjiMztfbgatG1h4OKays/smhtwbWltpKCRGtVhU6h40Sg==}
    engines: {node: ^20.19.0 || >=22.12.0}
    cpu: [wasm32]

  '@rolldown/binding-win32-arm64-msvc@1.1.1':
    resolution: {integrity: sha512-4psXSh63mSbwJF+mB8/9yfUUEzBiHYcUjxa32EO9ZwKy0Ypwjcg4F10D8SvVXgd+isy2UUUjF9HJJnDu1T/4Gg==}
    engines: {node: ^20.19.0 || >=22.12.0}
    cpu: [arm64]
    os: [win32]

  '@rolldown/binding-win32-x64-msvc@1.1.1':
    resolution: {integrity: sha512-MUvC/HLXVjzkQkWiExdVTEEWf0py+GfWm8WKSZsekG3ih6a21iy0BHPF07X3JIf3ifoklZXTIaHTLPBgH1C3dw==}
    engines: {node: ^20.19.0 || >=22.12.0}
    cpu: [x64]
    os: [win32]

  '@rolldown/pluginutils@1.0.1':
    resolution: {integrity: sha512-2j9bGt5Jh8hj+vPtgzPtl72j0yRxHAyumoo6TNfAjsLB04UtpSvPbPcDcBMxz7n+9CYB0c1GxQFxYRg2jimqGw==}

  '@stricli/auto-complete@1.2.7':
    resolution: {integrity: sha512-i7tuoYJvBLRVxvjVhzmZJjPPq1f6jVHU118EgVNW82rkbRuSOjTlUH6DY/d8BXfrDg9DemuDtaGmiL1OvPwcPA==}
    hasBin: true

  '@stricli/core@1.2.7':
    resolution: {integrity: sha512-a0HxA/cSWjqHj/9GM+cfc/zGNmBdxVTQQpHIEvY1AbDEgo4ZU84cTCbtywYEQOHw2wIc6Vu+PKv+ZQoqZwkHnQ==}

  '@tybys/wasm-util@0.10.2':
    resolution: {integrity: sha512-RoBvJ2X0wuKlWFIjrwffGw1IqZHKQqzIchKaadZZfnNpsAYp2mM0h36JtPCjNDAHGgYez/15uMBpfGwchhiMgg==}

  '@types/node@25.9.3':
    resolution: {integrity: sha512-603BddQMv3pUcr4U2dhujk83N2tTDVr/34wII2B6bJy6g+8WD6yUb11jszNs0gdi4PesVWl7ABt8nYMVpnLUcg==}

  '@typescript/vfs@1.6.4':
    resolution: {integrity: sha512-PJFXFS4ZJKiJ9Qiuix6Dz/OwEIqHD7Dme1UwZhTK11vR+5dqW2ACbdndWQexBzCx+CPuMe5WBYQWCsFyGlQLlQ==}
    peerDependencies:
      typescript: '*'

  ansi-escapes@7.3.0:
    resolution: {integrity: sha512-BvU8nYgGQBxcmMuEeUEmNTvrMVjJNSH7RgW24vXexN4Ven6qCvy4TntnvlnwnMLTVlcRQQdbRY8NKnaIoeWDNg==}
    engines: {node: '>=18'}

  ansi-regex@5.0.1:
    resolution: {integrity: sha512-quJQXlTSUGL2LH9SUXo8VwsY4soanhgo6LNSm84E1LBcE8s3O0wpdiRzyR9z/ZZJMlMWv37qOOb9pdJlMUEKFQ==}
    engines: {node: '>=8'}

  ansi-regex@6.2.2:
    resolution: {integrity: sha512-Bq3SmSpyFHaWjPk8If9yc6svM8c56dB5BAtW4Qbw5jHTwwXXcTLoRMkpDJp6VL0XzlWaCHTXrkFURMYmD0sLqg==}
    engines: {node: '>=12'}

  ansi-styles@4.3.0:
    resolution: {integrity: sha512-zbB9rCJAT1rbjiVDb2hqKFHNYLxgtk8NURxZ3IZwD3F6NtxbXZQCnnSi1Lkx+IDohdPlFp222wVALIheZJQSEg==}
    engines: {node: '>=8'}

  ansi-styles@6.2.3:
    resolution: {integrity: sha512-4Dj6M28JB+oAH8kFkTLUo+a2jwOFkuqb3yucU0CANcRRUbxS0cP0nZYCGjcc3BNXwRIsUVmDGgzawme7zvJHvg==}
    engines: {node: '>=12'}

  base64-js@1.5.1:
    resolution: {integrity: sha512-AKpaYlHn8t4SVbOHCy+b5+KKgvR4vrsD8vbvrbiQJps7fKDTkjkDry6ji0rUJjC0kzbNePLwzxq8iypo41qeWA==}

  buffer@6.0.3:
    resolution: {integrity: sha512-FTiCpNxtwiZZHEZbcbTIcZjERVICn9yq/pDFkTl95/AxzD1naBctN7YO68riM/gLSDY7sdrMby8hofADYuuqOA==}

  chai@6.2.2:
    resolution: {integrity: sha512-NUPRluOfOiTKBKvWPtSD4PhFvWCqOi0BGStNWs57X9js7XGTprSmFoz5F0tWhR4WPjNeR9jXqdC7/UpSJTnlRg==}
    engines: {node: '>=18'}

  cli-cursor@5.0.0:
    resolution: {integrity: sha512-aCj4O5wKyszjMmDT4tZj93kxyydN/K5zPWSCe6/0AV/AA1pqe5ZBIw0a2ZfPQV7lL5/yb5HsUreJ6UFAF1tEQw==}
    engines: {node: '>=18'}

  cli-truncate@5.2.0:
    resolution: {integrity: sha512-xRwvIOMGrfOAnM1JYtqQImuaNtDEv9v6oIYAs4LIHwTiKee8uwvIi363igssOC0O5U04i4AlENs79LQLu9tEMw==}
    engines: {node: '>=20'}

  cliui@8.0.1:
    resolution: {integrity: sha512-BSeNnyus75C4//NQ9gQt1/csTXyo/8Sb+afLAkzAptFuMsod9HFokGNudZpi/oQV73hnVK+sR+5PVRMd+Dr7YQ==}
    engines: {node: '>=12'}

  color-convert@2.0.1:
    resolution: {integrity: sha512-RRECPsj7iu/xb5oKYcsFHSppFNnsj/52OVTRKb4zP5onXwVF3zVmmToNcOfGC+CRDpfK/U584fMg38ZHCaElKQ==}
    engines: {node: '>=7.0.0'}

  color-name@1.1.4:
    resolution: {integrity: sha512-dOy+3AuW3a2wNbZHIuMZpTcgjGuLU/uBL/ubcZF9OXbDo8ff4O8yVp5Bf0efS8uEoYo5q4Fx7dY9OgQGXgAsQA==}

  debug@4.4.3:
    resolution: {integrity: sha512-RGwwWnwQvkVfavKVt22FGLw+xYSdzARwm0ru6DhTVA3umU5hZc28V3kO4stgYryrTlLpuvgI9GiijltAjNbcqA==}
    engines: {node: '>=6.0'}
    peerDependencies:
      supports-color: '*'
    peerDependenciesMeta:
      supports-color:
        optional: true

  emoji-regex@10.6.0:
    resolution: {integrity: sha512-toUI84YS5YmxW219erniWD0CIVOo46xGKColeNQRgOzDorgBi1v4D71/OFzgD9GO2UGKIv1C3Sp8DAn0+j5w7A==}

  emoji-regex@8.0.0:
    resolution: {integrity: sha512-MSjYzcWNOA0ewAHpz0MxpYFvwg6yjy1NG3xteoqz644VCo/RPgnr1/GGt+ic3iJTzQ8Eu3TdM14SawnVUmGE6A==}

  entities@8.0.0:
    resolution: {integrity: sha512-zwfzJecQ/Uej6tusMqwAqU/6KL2XaB2VZ2Jg54Je6ahNBGNH6Ek6g3jjNCF0fG9EWQKGZNddNjU5F1ZQn/sBnA==}
    engines: {node: '>=20.19.0'}

  environment@1.1.0:
    resolution: {integrity: sha512-xUtoPkMggbz0MPyPiIWr1Kp4aeWJjDZ6SMvURhimjdZgsRuDplF5/s9hcgGhyXMhs+6vpnuoiZ2kFiu3FMnS8Q==}
    engines: {node: '>=18'}

  escalade@3.2.0:
    resolution: {integrity: sha512-WUj2qlxaQtO4g6Pq5c29GTcWGDyd8itL8zTlipgECz3JesAiiOKotd8JU6otB3PACgG6xkJUyVhboMS+bje/jA==}
    engines: {node: '>=6'}

  eventemitter3@5.0.4:
    resolution: {integrity: sha512-mlsTRyGaPBjPedk6Bvw+aqbsXDtoAyAzm5MO7JgU+yVRyMQ5O8bD4Kcci7BS85f93veegeCPkL8R4GLClnjLFw==}

  get-caller-file@2.0.5:
    resolution: {integrity: sha512-DyFP3BM/3YHTQOCUL/w0OZHR0lpKeGrxotcHWcqNEdnltqFwXVfhEBQ94eIo34AfQpo0rGki4cyIiftY06h2Fg==}
    engines: {node: 6.* || 8.* || >= 10.*}

  get-east-asian-width@1.6.0:
    resolution: {integrity: sha512-QRbvDIbx6YklUe6RxeTeleMR0yv3cYH6PsPZHcnVn7xv7zO1BHN8r0XETu8n6Ye3Q+ahtSarc3WgtNWmehIBfA==}
    engines: {node: '>=18'}

  gql.tada@1.11.1:
    resolution: {integrity: sha512-ZfmvPQq7SX7foxjGpVJlKNYHotyapwNlAe8OxCy8uLdUnC9KP/o6rMjrgMW9jN3udES6SsvNAXjyM/l6FssDAg==}
    hasBin: true
    peerDependencies:
      typescript: ^5.0.0 || ^6.0.0 || ^7.0.0 || ^8.0.0

  graphql@16.14.2:
    resolution: {integrity: sha512-Chq1s4CY7jmh8gO2qvLIJyfCDIN+EHLFW/9iShnp1z8FjBQMoodWP1kDC36VAMXXIvAjj4ARa7ntfAV2BrjsbA==}
    engines: {node: ^12.22.0 || ^14.16.0 || ^16.0.0 || >=17.0.0}

  husky@9.1.7:
    resolution: {integrity: sha512-5gs5ytaNjBrh5Ow3zrvdUUY+0VxIuWVL4i9irt6friV+BqdCfmV11CQTWMiBYWHbXhco+J1kHfTOUkePhCDvMA==}
    engines: {node: '>=18'}
    hasBin: true

  ieee754@1.2.1:
    resolution: {integrity: sha512-dcyqhDvX1C46lXZcVqCpK+FtMRQVdIMN6/Df5js2zouUsqG7I6sFxitIC+7KYK29KdXOLHdu9zL4sFnoVQnqaA==}

  is-fullwidth-code-point@3.0.0:
    resolution: {integrity: sha512-zymm5+u+sCsSWyD9qNaejV3DFvhCKclKdizYaJUuHA83RLjb7nSuGnddCHGv0hk+KY7BMAlsWeK4Ueg6EV6XQg==}
    engines: {node: '>=8'}

  is-fullwidth-code-point@5.1.0:
    resolution: {integrity: sha512-5XHYaSyiqADb4RnZ1Bdad6cPp8Toise4TzEjcOYDHZkTCbKgiUl7WTUCpNWHuxmDt91wnsZBc9xinNzopv3JMQ==}
    engines: {node: '>=18'}

  listr2@10.2.1:
    resolution: {integrity: sha512-7I5knELsJKTUjXG+A6BkKAiGkW1i25fNa/xlUl9hFtk15WbE9jndA89xu5FzQKrY5llajE1hfZZFMILXkDHk/Q==}
    engines: {node: '>=22.13.0'}

  lodash.camelcase@4.3.0:
    resolution: {integrity: sha512-TwuEnCnxbc3rAvhf/LbG7tJUDzhqXyFnv3dtzLOPgCG/hODL7WFnsbwktkD7yUV0RrreP/l1PALq/YSg6VvjlA==}

  log-update@6.1.0:
    resolution: {integrity: sha512-9ie8ItPR6tjY5uYJh8K/Zrv/RMZ5VOlOWvtZdEHYSTFKZfIBPQa9tOAEeAWhd+AnIneLJ22w5fjOYtoutpWq5w==}
    engines: {node: '>=18'}

  long@5.3.2:
    resolution: {integrity: sha512-mNAgZ1GmyNhD7AuqnTG3/VQ26o760+ZYBPKjPvugO8+nLbYfX6TVpJPseBvopbdY+qpZ/lKUnmEc1LeZYS3QAA==}

  mimic-function@5.0.1:
    resolution: {integrity: sha512-VP79XUPxV2CigYP3jWwAUFSku2aKqBH7uTAapFWCBqutsbmDo96KY5o8uh6U+/YSIn5OxJnXp73beVkpqMIGhA==}
    engines: {node: '>=18'}

  ms@2.1.3:
    resolution: {integrity: sha512-6FlzubTLZG3J2a/NVCAleEhjzq5oxgHyaCU9yYXvcLsvoVaHJq/s5xXI6/XXP6tz7R9xAOtHnSO/tXtF3WRTlA==}

  onetime@7.0.0:
    resolution: {integrity: sha512-VXJjc87FScF88uafS3JllDgvAm+c/Slfz06lorj2uAY34rlUu0Nt+v8wreiImcrgAjjIHp1rXpTDlLOGw29WwQ==}
    engines: {node: '>=18'}

  oxfmt@0.47.0:
    resolution: {integrity: sha512-OFbkbzxKCpooQEnRmpTDnuwTX8KHXzZTQ4Df/hz85fpS67Pl+lxPEFvUtin56HIIS0B1k4X8oIzTXRZPufA2CA==}
    engines: {node: ^20.19.0 || >=22.12.0}
    hasBin: true

  oxlint-tsgolint@0.22.1:
    resolution: {integrity: sha512-YUSGSLUnoolsu8gxISEDio3q1rtsCozwfOzASUn3DT2mR2EeQ93uEEnen7s+6LpF+lyTQFln1pQfqwBh/fsVEg==}
    hasBin: true

  oxlint@1.70.0:
    resolution: {integrity: sha512-D6JgHtzkhRwvEC+A0Nw5AEc5bk8x5i1pHzvZIEf/a0C4hOzmAACNGtkDGPyFaxxX3ZVGxCPeig3P3rMM8XU3/g==}
    engines: {node: ^20.19.0 || >=22.12.0}
    hasBin: true
    peerDependencies:
      oxlint-tsgolint: '>=0.22.1'
      vite-plus: '*'
    peerDependenciesMeta:
      oxlint-tsgolint:
        optional: true
      vite-plus:
        optional: true

  picocolors@1.1.1:
    resolution: {integrity: sha512-xceH2snhtb5M9liqDsmEw56le376mTZkEX/jEb/RxNFyegNul7eNslCXP9FDj/Lcu0X8KEyMceP2ntpaHrDEVA==}

  protobufjs@7.6.4:
    resolution: {integrity: sha512-RJJPTTpvFfHcWLkIa2JFWK4XvtSzS0yEWDmunqHXli1h3JlkbcQZXDZdcWxv+JK3Xsl5/UFDPZ0iGm7DAengYw==}
    engines: {node: '>=12.0.0'}

  require-directory@2.1.1:
    resolution: {integrity: sha512-fGxEI7+wsG9xrvdjsrlmL22OMTTiHRwAMroiEeMgq8gzoLC/PQr7RsRDSTLUg/bZAZtF+TVIkHc6/4RIKrui+Q==}
    engines: {node: '>=0.10.0'}

  restore-cursor@5.1.0:
    resolution: {integrity: sha512-oMA2dcrw6u0YfxJQXm342bFKX/E4sG9rbTzO9ptUcR/e8A33cHuvStiYOwH7fszkZlZ1z/ta9AAoPk2F4qIOHA==}
    engines: {node: '>=18'}

  rfdc@1.4.1:
    resolution: {integrity: sha512-q1b3N5QkRUWUl7iyylaaj3kOpIT0N2i9MqIEQXP73GVsN9cw3fdx8X63cEmWhJGi2PPCF23Ijp7ktmd39rawIA==}

  rolldown@1.1.1:
    resolution: {integrity: sha512-IN750c0p+s3jqJIsFLRZrQazmbAB1kkQDTtQjSt/gbS2ywLhlv4R5Shazer0FZKmuo/BsO3/w2UoYnUjuOZqHg==}
    engines: {node: ^20.19.0 || >=22.12.0}
    hasBin: true

  signal-exit@4.1.0:
    resolution: {integrity: sha512-bzyZ1e88w9O1iNJbKnOlvYTrWPDl46O1bG0D3XInv+9tkPrxrN8jUUTiFlDkkmKWgn1M6CfIA13SuGqOa9Korw==}
    engines: {node: '>=14'}

  slice-ansi@7.1.2:
    resolution: {integrity: sha512-iOBWFgUX7caIZiuutICxVgX1SdxwAVFFKwt1EvMYYec/NWO5meOJ6K5uQxhrYBdQJne4KxiqZc+KptFOWFSI9w==}
    engines: {node: '>=18'}

  slice-ansi@8.0.0:
    resolution: {integrity: sha512-stxByr12oeeOyY2BlviTNQlYV5xOj47GirPr4yA1hE9JCtxfQN0+tVbkxwCtYDQWhEKWFHsEK48ORg5jrouCAg==}
    engines: {node: '>=20'}

  string-width@4.2.3:
    resolution: {integrity: sha512-wKyQRQpjJ0sIp62ErSZdGsjMJWsap5oRNihHhu6G7JVO/9jIB6UyevL+tXuOqrng8j/cxKTWyWUwvSTriiZz/g==}
    engines: {node: '>=8'}

  string-width@7.2.0:
    resolution: {integrity: sha512-tsaTIkKW9b4N+AEj+SVA+WhJzV7/zMhcSu78mLKWSk7cXMOSHsBKFWUs0fWwq8QyK3MgJBQRX6Gbi4kYbdvGkQ==}
    engines: {node: '>=18'}

  string-width@8.2.1:
    resolution: {integrity: sha512-IIaP0g3iy9Cyy18w3M9YcaDudujEAVHKt3a3QJg1+sr/oX96TbaGUubG0hJyCjCBThFH+tFpcIyoUHUn1ogaLA==}
    engines: {node: '>=20'}

  strip-ansi@6.0.1:
    resolution: {integrity: sha512-Y38VPSHcqkFrCpFnQ9vuSXmquuv5oXOKpGeT6aGrr3o3Gc9AlVa6JBfUSOCnbxGGZF+/0ooI7KrPuUSztUdU5A==}
    engines: {node: '>=8'}

  strip-ansi@7.2.0:
    resolution: {integrity: sha512-yDPMNjp4WyfYBkHnjIRLfca1i6KMyGCtsVgoKe/z1+6vukgaENdgGBZt+ZmKPc4gavvEZ5OgHfHdrazhgNyG7w==}
    engines: {node: '>=12'}

  tinypool@2.1.0:
    resolution: {integrity: sha512-Pugqs6M0m7Lv1I7FtxN4aoyToKg1C4tu+/381vH35y8oENM/Ai7f7C4StcoK4/+BSw9ebcS8jRiVrORFKCALLw==}
    engines: {node: ^20.0.0 || >=22.0.0}

  tslib@2.8.1:
    resolution: {integrity: sha512-oJFu94HQb+KVduSUQL7wnpmqnfmLsOA/nAh6b6EH0wCEoK0/mPeXU6c3wKDV83MkOuHPRHtSXKKU99IBazS/2w==}

  typescript@3.9.10:
    resolution: {integrity: sha512-w6fIxVE/H1PkLKcCPsFqKE7Kv7QUwhU8qQY2MueZXWx5cPZdwFupLgKK3vntcK98BtNHZtAF4LA/yl2a7k8R6Q==}
    engines: {node: '>=4.2.0'}
    hasBin: true

  typescript@5.4.5:
    resolution: {integrity: sha512-vcI4UpRgg81oIRUFwR0WSIHKt11nJ7SAVlYNIu+QpqeyXP+gpQJy/Z4+F0aGxSE4MqwjyXvW/TzgkLAx2AGHwQ==}
    engines: {node: '>=14.17'}
    hasBin: true

  typescript@6.0.3:
    resolution: {integrity: sha512-y2TvuxSZPDyQakkFRPZHKFm+KKVqIisdg9/CZwm9ftvKXLP8NRWj38/ODjNbr43SsoXqNuAisEf1GdCxqWcdBw==}
    engines: {node: '>=14.17'}
    hasBin: true

  undici-types@7.24.6:
    resolution: {integrity: sha512-WRNW+sJgj5OBN4/0JpHFqtqzhpbnV0GuB+OozA9gCL7a993SmU+1JBZCzLNxYsbMfIeDL+lTsphD5jN5N+n0zg==}

  user-agents@2.1.93:
    resolution: {integrity: sha512-k+gWeg7donORHNroeY6jDa2KK7Hp/RSDGXFAl2e8SgdDkgxZUW2snfK/8P2jr8lgJsMWBPVq8tTQUBhlAP9WwQ==}
    engines: {node: '>=18'}

  wrap-ansi@10.0.0:
    resolution: {integrity: sha512-SGcvg80f0wUy2/fXES19feHMz8E0JoXv2uNgHOu4Dgi2OrCy1lqwFYEJz1BLbDI0exjPMe/ZdzZ/YpGECBG/aQ==}
    engines: {node: '>=20'}

  wrap-ansi@7.0.0:
    resolution: {integrity: sha512-YVGIj2kamLSTxw6NsZjoBxfSwsn0ycdesmc4p+Q21c5zPuZ1pl+NfxVdxPtdHvmNVOQ6XSYG4AUtyt/Fi7D16Q==}
    engines: {node: '>=10'}

  wrap-ansi@9.0.2:
    resolution: {integrity: sha512-42AtmgqjV+X1VpdOfyTGOYRi0/zsoLqtXQckTmqTeybT+BDIbM/Guxo7x3pE2vtpr1ok6xRqM9OpBe+Jyoqyww==}
    engines: {node: '>=18'}

  y18n@5.0.8:
    resolution: {integrity: sha512-0pfFzegeDWJHJIAmTLRP2DwHjdF5s7jo9tuztdQxAhINCdvS+3nGINqPd00AphqJR/0LhANUS6/+7SCb98YOfA==}
    engines: {node: '>=10'}

  yargs-parser@21.1.1:
    resolution: {integrity: sha512-tVpsJW7DdjecAiFpbIB1e3qxIQsE6NoPc5/eTdrbbIC4h0LVsWhnoa3g+m2HclBIujHzsxZ4VJVA+GUuc2/LBw==}
    engines: {node: '>=12'}

  yargs@17.7.2:
    resolution: {integrity: sha512-7dSzzRQ++CKnNI/krKnYRV7JKKPUXMEh61soaHKg9mrWEhzFWhFnxPxGl+69cD1Ou63C13NUPCnmIcrvqCuM6w==}
    engines: {node: '>=12'}

snapshots:

  '@0no-co/graphql.web@1.3.2(graphql@16.14.2)':
    optionalDependencies:
      graphql: 16.14.2

  '@0no-co/graphqlsp@1.17.2(graphql@16.14.2)(typescript@6.0.3)':
    dependencies:
      '@gql.tada/internal': 1.2.0(graphql@16.14.2)(typescript@6.0.3)
      graphql: 16.14.2
      typescript: 6.0.3

  '@bufbuild/protobuf@2.12.0': {}

  '@bufbuild/protoplugin@2.12.0':
    dependencies:
      '@bufbuild/protobuf': 2.12.0
      '@typescript/vfs': 1.6.4(typescript@5.4.5)
      typescript: 5.4.5
    transitivePeerDependencies:
      - supports-color

  '@emnapi/core@1.11.0':
    dependencies:
      '@emnapi/wasi-threads': 1.2.2
      tslib: 2.8.1
    optional: true

  '@emnapi/runtime@1.11.0':
    dependencies:
      tslib: 2.8.1
    optional: true

  '@emnapi/wasi-threads@1.2.2':
    dependencies:
      tslib: 2.8.1
    optional: true

  '@gql.tada/cli-utils@1.9.1(@0no-co/graphqlsp@1.17.2(graphql@16.14.2)(typescript@6.0.3))(graphql@16.14.2)(typescript@6.0.3)':
    dependencies:
      '@0no-co/graphqlsp': 1.17.2(graphql@16.14.2)(typescript@6.0.3)
      '@gql.tada/internal': 1.2.0(graphql@16.14.2)(typescript@6.0.3)
      graphql: 16.14.2
      typescript: 6.0.3

  '@gql.tada/internal@1.2.0(graphql@16.14.2)(typescript@6.0.3)':
    dependencies:
      '@0no-co/graphql.web': 1.3.2(graphql@16.14.2)
      graphql: 16.14.2
      typescript: 6.0.3

  '@grpc/grpc-js@1.14.4':
    dependencies:
      '@grpc/proto-loader': 0.8.1
      '@js-sdsl/ordered-map': 4.4.2

  '@grpc/proto-loader@0.8.1':
    dependencies:
      lodash.camelcase: 4.3.0
      long: 5.3.2
      protobufjs: 7.6.4
      yargs: 17.7.2

  '@js-sdsl/ordered-map@4.4.2': {}

  '@napi-rs/wasm-runtime@1.1.5(@emnapi/core@1.11.0)(@emnapi/runtime@1.11.0)':
    dependencies:
      '@emnapi/core': 1.11.0
      '@emnapi/runtime': 1.11.0
      '@tybys/wasm-util': 0.10.2
    optional: true

  '@oxc-project/types@0.135.0': {}

  '@oxfmt/binding-android-arm-eabi@0.47.0':
    optional: true

  '@oxfmt/binding-android-arm64@0.47.0':
    optional: true

  '@oxfmt/binding-darwin-arm64@0.47.0':
    optional: true

  '@oxfmt/binding-darwin-x64@0.47.0':
    optional: true

  '@oxfmt/binding-freebsd-x64@0.47.0':
    optional: true

  '@oxfmt/binding-linux-arm-gnueabihf@0.47.0':
    optional: true

  '@oxfmt/binding-linux-arm-musleabihf@0.47.0':
    optional: true

  '@oxfmt/binding-linux-arm64-gnu@0.47.0':
    optional: true

  '@oxfmt/binding-linux-arm64-musl@0.47.0':
    optional: true

  '@oxfmt/binding-linux-ppc64-gnu@0.47.0':
    optional: true

  '@oxfmt/binding-linux-riscv64-gnu@0.47.0':
    optional: true

  '@oxfmt/binding-linux-riscv64-musl@0.47.0':
    optional: true

  '@oxfmt/binding-linux-s390x-gnu@0.47.0':
    optional: true

  '@oxfmt/binding-linux-x64-gnu@0.47.0':
    optional: true

  '@oxfmt/binding-linux-x64-musl@0.47.0':
    optional: true

  '@oxfmt/binding-openharmony-arm64@0.47.0':
    optional: true

  '@oxfmt/binding-win32-arm64-msvc@0.47.0':
    optional: true

  '@oxfmt/binding-win32-ia32-msvc@0.47.0':
    optional: true

  '@oxfmt/binding-win32-x64-msvc@0.47.0':
    optional: true

  '@oxlint-tsgolint/darwin-arm64@0.22.1':
    optional: true

  '@oxlint-tsgolint/darwin-x64@0.22.1':
    optional: true

  '@oxlint-tsgolint/linux-arm64@0.22.1':
    optional: true

  '@oxlint-tsgolint/linux-x64@0.22.1':
    optional: true

  '@oxlint-tsgolint/win32-arm64@0.22.1':
    optional: true

  '@oxlint-tsgolint/win32-x64@0.22.1':
    optional: true

  '@oxlint/binding-android-arm-eabi@1.70.0':
    optional: true

  '@oxlint/binding-android-arm64@1.70.0':
    optional: true

  '@oxlint/binding-darwin-arm64@1.70.0':
    optional: true

  '@oxlint/binding-darwin-x64@1.70.0':
    optional: true

  '@oxlint/binding-freebsd-x64@1.70.0':
    optional: true

  '@oxlint/binding-linux-arm-gnueabihf@1.70.0':
    optional: true

  '@oxlint/binding-linux-arm-musleabihf@1.70.0':
    optional: true

  '@oxlint/binding-linux-arm64-gnu@1.70.0':
    optional: true

  '@oxlint/binding-linux-arm64-musl@1.70.0':
    optional: true

  '@oxlint/binding-linux-ppc64-gnu@1.70.0':
    optional: true

  '@oxlint/binding-linux-riscv64-gnu@1.70.0':
    optional: true

  '@oxlint/binding-linux-riscv64-musl@1.70.0':
    optional: true

  '@oxlint/binding-linux-s390x-gnu@1.70.0':
    optional: true

  '@oxlint/binding-linux-x64-gnu@1.70.0':
    optional: true

  '@oxlint/binding-linux-x64-musl@1.70.0':
    optional: true

  '@oxlint/binding-openharmony-arm64@1.70.0':
    optional: true

  '@oxlint/binding-win32-arm64-msvc@1.70.0':
    optional: true

  '@oxlint/binding-win32-ia32-msvc@1.70.0':
    optional: true

  '@oxlint/binding-win32-x64-msvc@1.70.0':
    optional: true

  '@paperback/runtime-polyfills@1.0.0-alpha.92':
    dependencies:
      entities: 8.0.0
      user-agents: 2.1.93

  '@paperback/toolchain@1.0.0-alpha.92':
    dependencies:
      '@grpc/grpc-js': 1.14.4
      '@paperback/runtime-polyfills': 1.0.0-alpha.92
      '@paperback/types': 1.0.0-alpha.92
      '@protobuf-ts/plugin': 2.11.1
      '@stricli/auto-complete': 1.2.7
      '@stricli/core': 1.2.7
      buffer: 6.0.3
      chai: 6.2.2
      listr2: 10.2.1
      picocolors: 1.1.1
      rolldown: 1.1.1
    transitivePeerDependencies:
      - supports-color

  '@paperback/types@1.0.0-alpha.92':
    dependencies:
      chai: 6.2.2

  '@protobuf-ts/plugin@2.11.1':
    dependencies:
      '@bufbuild/protobuf': 2.12.0
      '@bufbuild/protoplugin': 2.12.0
      '@protobuf-ts/protoc': 2.11.1
      '@protobuf-ts/runtime': 2.11.1
      '@protobuf-ts/runtime-rpc': 2.11.1
      typescript: 3.9.10
    transitivePeerDependencies:
      - supports-color

  '@protobuf-ts/protoc@2.11.1': {}

  '@protobuf-ts/runtime-rpc@2.11.1':
    dependencies:
      '@protobuf-ts/runtime': 2.11.1

  '@protobuf-ts/runtime@2.11.1': {}

  '@protobufjs/aspromise@1.1.2': {}

  '@protobufjs/base64@1.1.2': {}

  '@protobufjs/codegen@2.0.5': {}

  '@protobufjs/eventemitter@1.1.1': {}

  '@protobufjs/fetch@1.1.1':
    dependencies:
      '@protobufjs/aspromise': 1.1.2

  '@protobufjs/float@1.0.2': {}

  '@protobufjs/path@1.1.2': {}

  '@protobufjs/pool@1.1.0': {}

  '@protobufjs/utf8@1.1.1': {}

  '@rolldown/binding-android-arm64@1.1.1':
    optional: true

  '@rolldown/binding-darwin-arm64@1.1.1':
    optional: true

  '@rolldown/binding-darwin-x64@1.1.1':
    optional: true

  '@rolldown/binding-freebsd-x64@1.1.1':
    optional: true

  '@rolldown/binding-linux-arm-gnueabihf@1.1.1':
    optional: true

  '@rolldown/binding-linux-arm64-gnu@1.1.1':
    optional: true

  '@rolldown/binding-linux-arm64-musl@1.1.1':
    optional: true

  '@rolldown/binding-linux-ppc64-gnu@1.1.1':
    optional: true

  '@rolldown/binding-linux-s390x-gnu@1.1.1':
    optional: true

  '@rolldown/binding-linux-x64-gnu@1.1.1':
    optional: true

  '@rolldown/binding-linux-x64-musl@1.1.1':
    optional: true

  '@rolldown/binding-openharmony-arm64@1.1.1':
    optional: true

  '@rolldown/binding-wasm32-wasi@1.1.1':
    dependencies:
      '@emnapi/core': 1.11.0
      '@emnapi/runtime': 1.11.0
      '@napi-rs/wasm-runtime': 1.1.5(@emnapi/core@1.11.0)(@emnapi/runtime@1.11.0)
    optional: true

  '@rolldown/binding-win32-arm64-msvc@1.1.1':
    optional: true

  '@rolldown/binding-win32-x64-msvc@1.1.1':
    optional: true

  '@rolldown/pluginutils@1.0.1': {}

  '@stricli/auto-complete@1.2.7':
    dependencies:
      '@stricli/core': 1.2.7

  '@stricli/core@1.2.7': {}

  '@tybys/wasm-util@0.10.2':
    dependencies:
      tslib: 2.8.1
    optional: true

  '@types/node@25.9.3':
    dependencies:
      undici-types: 7.24.6

  '@typescript/vfs@1.6.4(typescript@5.4.5)':
    dependencies:
      debug: 4.4.3
      typescript: 5.4.5
    transitivePeerDependencies:
      - supports-color

  ansi-escapes@7.3.0:
    dependencies:
      environment: 1.1.0

  ansi-regex@5.0.1: {}

  ansi-regex@6.2.2: {}

  ansi-styles@4.3.0:
    dependencies:
      color-convert: 2.0.1

  ansi-styles@6.2.3: {}

  base64-js@1.5.1: {}

  buffer@6.0.3:
    dependencies:
      base64-js: 1.5.1
      ieee754: 1.2.1

  chai@6.2.2: {}

  cli-cursor@5.0.0:
    dependencies:
      restore-cursor: 5.1.0

  cli-truncate@5.2.0:
    dependencies:
      slice-ansi: 8.0.0
      string-width: 8.2.1

  cliui@8.0.1:
    dependencies:
      string-width: 4.2.3
      strip-ansi: 6.0.1
      wrap-ansi: 7.0.0

  color-convert@2.0.1:
    dependencies:
      color-name: 1.1.4

  color-name@1.1.4: {}

  debug@4.4.3:
    dependencies:
      ms: 2.1.3

  emoji-regex@10.6.0: {}

  emoji-regex@8.0.0: {}

  entities@8.0.0: {}

  environment@1.1.0: {}

  escalade@3.2.0: {}

  eventemitter3@5.0.4: {}

  get-caller-file@2.0.5: {}

  get-east-asian-width@1.6.0: {}

  gql.tada@1.11.1(graphql@16.14.2)(typescript@6.0.3):
    dependencies:
      '@0no-co/graphql.web': 1.3.2(graphql@16.14.2)
      '@0no-co/graphqlsp': 1.17.2(graphql@16.14.2)(typescript@6.0.3)
      '@gql.tada/cli-utils': 1.9.1(@0no-co/graphqlsp@1.17.2(graphql@16.14.2)(typescript@6.0.3))(graphql@16.14.2)(typescript@6.0.3)
      '@gql.tada/internal': 1.2.0(graphql@16.14.2)(typescript@6.0.3)
      typescript: 6.0.3
    transitivePeerDependencies:
      - '@gql.tada/svelte-support'
      - '@gql.tada/vue-support'
      - graphql

  graphql@16.14.2: {}

  husky@9.1.7: {}

  ieee754@1.2.1: {}

  is-fullwidth-code-point@3.0.0: {}

  is-fullwidth-code-point@5.1.0:
    dependencies:
      get-east-asian-width: 1.6.0

  listr2@10.2.1:
    dependencies:
      cli-truncate: 5.2.0
      eventemitter3: 5.0.4
      log-update: 6.1.0
      rfdc: 1.4.1
      wrap-ansi: 10.0.0

  lodash.camelcase@4.3.0: {}

  log-update@6.1.0:
    dependencies:
      ansi-escapes: 7.3.0
      cli-cursor: 5.0.0
      slice-ansi: 7.1.2
      strip-ansi: 7.2.0
      wrap-ansi: 9.0.2

  long@5.3.2: {}

  mimic-function@5.0.1: {}

  ms@2.1.3: {}

  onetime@7.0.0:
    dependencies:
      mimic-function: 5.0.1

  oxfmt@0.47.0:
    dependencies:
      tinypool: 2.1.0
    optionalDependencies:
      '@oxfmt/binding-android-arm-eabi': 0.47.0
      '@oxfmt/binding-android-arm64': 0.47.0
      '@oxfmt/binding-darwin-arm64': 0.47.0
      '@oxfmt/binding-darwin-x64': 0.47.0
      '@oxfmt/binding-freebsd-x64': 0.47.0
      '@oxfmt/binding-linux-arm-gnueabihf': 0.47.0
      '@oxfmt/binding-linux-arm-musleabihf': 0.47.0
      '@oxfmt/binding-linux-arm64-gnu': 0.47.0
      '@oxfmt/binding-linux-arm64-musl': 0.47.0
      '@oxfmt/binding-linux-ppc64-gnu': 0.47.0
      '@oxfmt/binding-linux-riscv64-gnu': 0.47.0
      '@oxfmt/binding-linux-riscv64-musl': 0.47.0
      '@oxfmt/binding-linux-s390x-gnu': 0.47.0
      '@oxfmt/binding-linux-x64-gnu': 0.47.0
      '@oxfmt/binding-linux-x64-musl': 0.47.0
      '@oxfmt/binding-openharmony-arm64': 0.47.0
      '@oxfmt/binding-win32-arm64-msvc': 0.47.0
      '@oxfmt/binding-win32-ia32-msvc': 0.47.0
      '@oxfmt/binding-win32-x64-msvc': 0.47.0

  oxlint-tsgolint@0.22.1:
    optionalDependencies:
      '@oxlint-tsgolint/darwin-arm64': 0.22.1
      '@oxlint-tsgolint/darwin-x64': 0.22.1
      '@oxlint-tsgolint/linux-arm64': 0.22.1
      '@oxlint-tsgolint/linux-x64': 0.22.1
      '@oxlint-tsgolint/win32-arm64': 0.22.1
      '@oxlint-tsgolint/win32-x64': 0.22.1

  oxlint@1.70.0(oxlint-tsgolint@0.22.1):
    optionalDependencies:
      '@oxlint/binding-android-arm-eabi': 1.70.0
      '@oxlint/binding-android-arm64': 1.70.0
      '@oxlint/binding-darwin-arm64': 1.70.0
      '@oxlint/binding-darwin-x64': 1.70.0
      '@oxlint/binding-freebsd-x64': 1.70.0
      '@oxlint/binding-linux-arm-gnueabihf': 1.70.0
      '@oxlint/binding-linux-arm-musleabihf': 1.70.0
      '@oxlint/binding-linux-arm64-gnu': 1.70.0
      '@oxlint/binding-linux-arm64-musl': 1.70.0
      '@oxlint/binding-linux-ppc64-gnu': 1.70.0
      '@oxlint/binding-linux-riscv64-gnu': 1.70.0
      '@oxlint/binding-linux-riscv64-musl': 1.70.0
      '@oxlint/binding-linux-s390x-gnu': 1.70.0
      '@oxlint/binding-linux-x64-gnu': 1.70.0
      '@oxlint/binding-linux-x64-musl': 1.70.0
      '@oxlint/binding-openharmony-arm64': 1.70.0
      '@oxlint/binding-win32-arm64-msvc': 1.70.0
      '@oxlint/binding-win32-ia32-msvc': 1.70.0
      '@oxlint/binding-win32-x64-msvc': 1.70.0
      oxlint-tsgolint: 0.22.1

  picocolors@1.1.1: {}

  protobufjs@7.6.4:
    dependencies:
      '@protobufjs/aspromise': 1.1.2
      '@protobufjs/base64': 1.1.2
      '@protobufjs/codegen': 2.0.5
      '@protobufjs/eventemitter': 1.1.1
      '@protobufjs/fetch': 1.1.1
      '@protobufjs/float': 1.0.2
      '@protobufjs/path': 1.1.2
      '@protobufjs/pool': 1.1.0
      '@protobufjs/utf8': 1.1.1
      '@types/node': 25.9.3
      long: 5.3.2

  require-directory@2.1.1: {}

  restore-cursor@5.1.0:
    dependencies:
      onetime: 7.0.0
      signal-exit: 4.1.0

  rfdc@1.4.1: {}

  rolldown@1.1.1:
    dependencies:
      '@oxc-project/types': 0.135.0
      '@rolldown/pluginutils': 1.0.1
    optionalDependencies:
      '@rolldown/binding-android-arm64': 1.1.1
      '@rolldown/binding-darwin-arm64': 1.1.1
      '@rolldown/binding-darwin-x64': 1.1.1
      '@rolldown/binding-freebsd-x64': 1.1.1
      '@rolldown/binding-linux-arm-gnueabihf': 1.1.1
      '@rolldown/binding-linux-arm64-gnu': 1.1.1
      '@rolldown/binding-linux-arm64-musl': 1.1.1
      '@rolldown/binding-linux-ppc64-gnu': 1.1.1
      '@rolldown/binding-linux-s390x-gnu': 1.1.1
      '@rolldown/binding-linux-x64-gnu': 1.1.1
      '@rolldown/binding-linux-x64-musl': 1.1.1
      '@rolldown/binding-openharmony-arm64': 1.1.1
      '@rolldown/binding-wasm32-wasi': 1.1.1
      '@rolldown/binding-win32-arm64-msvc': 1.1.1
      '@rolldown/binding-win32-x64-msvc': 1.1.1

  signal-exit@4.1.0: {}

  slice-ansi@7.1.2:
    dependencies:
      ansi-styles: 6.2.3
      is-fullwidth-code-point: 5.1.0

  slice-ansi@8.0.0:
    dependencies:
      ansi-styles: 6.2.3
      is-fullwidth-code-point: 5.1.0

  string-width@4.2.3:
    dependencies:
      emoji-regex: 8.0.0
      is-fullwidth-code-point: 3.0.0
      strip-ansi: 6.0.1

  string-width@7.2.0:
    dependencies:
      emoji-regex: 10.6.0
      get-east-asian-width: 1.6.0
      strip-ansi: 7.2.0

  string-width@8.2.1:
    dependencies:
      get-east-asian-width: 1.6.0
      strip-ansi: 7.2.0

  strip-ansi@6.0.1:
    dependencies:
      ansi-regex: 5.0.1

  strip-ansi@7.2.0:
    dependencies:
      ansi-regex: 6.2.2

  tinypool@2.1.0: {}

  tslib@2.8.1:
    optional: true

  typescript@3.9.10: {}

  typescript@5.4.5: {}

  typescript@6.0.3: {}

  undici-types@7.24.6: {}

  user-agents@2.1.93: {}

  wrap-ansi@10.0.0:
    dependencies:
      ansi-styles: 6.2.3
      string-width: 8.2.1
      strip-ansi: 7.2.0

  wrap-ansi@7.0.0:
    dependencies:
      ansi-styles: 4.3.0
      string-width: 4.2.3
      strip-ansi: 6.0.1

  wrap-ansi@9.0.2:
    dependencies:
      ansi-styles: 6.2.3
      string-width: 7.2.0
      strip-ansi: 7.2.0

  y18n@5.0.8: {}

  yargs-parser@21.1.1: {}

  yargs@17.7.2:
    dependencies:
      cliui: 8.0.1
      escalade: 3.2.0
      get-caller-file: 2.0.5
      require-directory: 2.1.1
      string-width: 4.2.3
      y18n: 5.0.8
      yargs-parser: 21.1.1
